// !$*UTF8*$!
{
	archiveVersion = 1;
	classes = {
	};
	objectVersion = 47;
	objects = {

/* Begin PBXBuildFile section */
		AF023A9F1AE09691006D8AEC /* ParseConnection.m in Sources */ = {isa = PBXBuildFile; fileRef = AF023A9E1AE09691006D8AEC /* ParseConnection.m */; };
		AF02A0DC19E01EB600A6C1D0 /* LeadDetailViewControler.m in Sources */ = {isa = PBXBuildFile; fileRef = AF02A0DB19E01EB600A6C1D0 /* LeadDetailViewControler.m */; };
		AF0B56D21B1A0AC70085EFA8 /* iAd.framework in Frameworks */ = {isa = PBXBuildFile; fileRef = AF789A901B17ED5D0049F540 /* iAd.framework */; };
		AF16E63C1B8609A8009A0660 /* NewsDetailController.m in Sources */ = {isa = PBXBuildFile; fileRef = AF16E63B1B8609A8009A0660 /* NewsDetailController.m */; };
		AF1D64001A0D27A6007C6638 /* SidebarViewController.m in Sources */ = {isa = PBXBuildFile; fileRef = AF1D63FF1A0D27A6007C6638 /* SidebarViewController.m */; };
		AF23C4EE1A3B8B9A005FBDB6 /* LoginViewController.m in Sources */ = {isa = PBXBuildFile; fileRef = AF23C4ED1A3B8B9A005FBDB6 /* LoginViewController.m */; };
		AF26EF771A360BA300FFE5F0 /* SalesmanViewController.m in Sources */ = {isa = PBXBuildFile; fileRef = AF26EF761A360BA300FFE5F0 /* SalesmanViewController.m */; };
		AF26EF7A1A360BFB00FFE5F0 /* SalesLocation.m in Sources */ = {isa = PBXBuildFile; fileRef = AF26EF791A360BFB00FFE5F0 /* SalesLocation.m */; };
		AF26EF7D1A360C0F00FFE5F0 /* SalesModel.m in Sources */ = {isa = PBXBuildFile; fileRef = AF26EF7C1A360C0F00FFE5F0 /* SalesModel.m */; };
		AF2856661A256B5000A6F42A /* MapController.m in Sources */ = {isa = PBXBuildFile; fileRef = AF2856651A256B5000A6F42A /* MapController.m */; };
		AF28566A1A256BBB00A6F42A /* EmployeeModel.m in Sources */ = {isa = PBXBuildFile; fileRef = AF2856691A256BBB00A6F42A /* EmployeeModel.m */; };
		AF292DEB1B38F707007B69E2 /* Images.xcassets in Resources */ = {isa = PBXBuildFile; fileRef = AF292DEA1B38F707007B69E2 /* Images.xcassets */; };
		AF2B5AF51A137D5A00CABD1B /* VendorModel.m in Sources */ = {isa = PBXBuildFile; fileRef = AF2B5AF41A137D5A00CABD1B /* VendorModel.m */; };
		AF366EB31A55A15800976387 /* IMG_1133.jpg in Resources */ = {isa = PBXBuildFile; fileRef = AF366E841A55A15800976387 /* IMG_1133.jpg */; };
		AF366EB41A55A15800976387 /* IMG_1133New.jpg in Resources */ = {isa = PBXBuildFile; fileRef = AF366E851A55A15800976387 /* IMG_1133New.jpg */; };
		AF366EBA1A55A15800976387 /* bookmark.png in Resources */ = {isa = PBXBuildFile; fileRef = AF366E8B1A55A15800976387 /* bookmark.png */; };
		AF366EBC1A55A15800976387 /* cloud_filled-50.png in Resources */ = {isa = PBXBuildFile; fileRef = AF366E8D1A55A15800976387 /* cloud_filled-50.png */; };
		AF366EBD1A55A15800976387 /* cloud-50.png in Resources */ = {isa = PBXBuildFile; fileRef = AF366E8E1A55A15800976387 /* cloud-50.png */; };
		AF366EBE1A55A15800976387 /* cloud30copy.png in Resources */ = {isa = PBXBuildFile; fileRef = AF366E8F1A55A15800976387 /* cloud30copy.png */; };
		AF366EBF1A55A15800976387 /* comments.png in Resources */ = {isa = PBXBuildFile; fileRef = AF366E901A55A15800976387 /* comments.png */; };
		AF366EC01A55A15800976387 /* display30copy.png in Resources */ = {isa = PBXBuildFile; fileRef = AF366E911A55A15800976387 /* display30copy.png */; };
		AF366EC31A55A15800976387 /* footer_banner.png in Resources */ = {isa = PBXBuildFile; fileRef = AF366E941A55A15800976387 /* footer_banner.png */; };
		AF366EC41A55A15800976387 /* header_banner.png in Resources */ = {isa = PBXBuildFile; fileRef = AF366E951A55A15800976387 /* header_banner.png */; };
		AF366EC51A55A15800976387 /* home copy.png in Resources */ = {isa = PBXBuildFile; fileRef = AF366E961A55A15800976387 /* home copy.png */; };
		AF366EC61A55A15800976387 /* home_filled-50.png in Resources */ = {isa = PBXBuildFile; fileRef = AF366E971A55A15800976387 /* home_filled-50.png */; };
		AF366EC71A55A15800976387 /* home-50.png in Resources */ = {isa = PBXBuildFile; fileRef = AF366E981A55A15800976387 /* home-50.png */; };
		AF366EC81A55A15800976387 /* home30.png in Resources */ = {isa = PBXBuildFile; fileRef = AF366E991A55A15800976387 /* home30.png */; };
		AF366EC91A55A15800976387 /* home30sel.png in Resources */ = {isa = PBXBuildFile; fileRef = AF366E9A1A55A15800976387 /* home30sel.png */; };
		AF366ECB1A55A15800976387 /* iosStar.png in Resources */ = {isa = PBXBuildFile; fileRef = AF366E9C1A55A15800976387 /* iosStar.png */; };
		AF366ECC1A55A15800976387 /* iosStarNA.png in Resources */ = {isa = PBXBuildFile; fileRef = AF366E9D1A55A15800976387 /* iosStarNA.png */; };
		AF366ECE1A55A15800976387 /* map.png in Resources */ = {isa = PBXBuildFile; fileRef = AF366E9F1A55A15800976387 /* map.png */; };
		AF366ED01A55A15800976387 /* menu@2x.png in Resources */ = {isa = PBXBuildFile; fileRef = AF366EA11A55A15800976387 /* menu@2x.png */; };
		AF366ED11A55A15800976387 /* nav_bg.png in Resources */ = {isa = PBXBuildFile; fileRef = AF366EA21A55A15800976387 /* nav_bg.png */; };
		AF366ED21A55A15800976387 /* news.png in Resources */ = {isa = PBXBuildFile; fileRef = AF366EA31A55A15800976387 /* news.png */; };
		AF366ED41A55A15800976387 /* photo-frame-2.png in Resources */ = {isa = PBXBuildFile; fileRef = AF366EA51A55A15800976387 /* photo-frame-2.png */; };
		AF366ED61A55A15800976387 /* photo.png in Resources */ = {isa = PBXBuildFile; fileRef = AF366EA71A55A15800976387 /* photo.png */; };
		AF366ED81A55A15800976387 /* profile-rabbit-toy.png in Resources */ = {isa = PBXBuildFile; fileRef = AF366EA91A55A15800976387 /* profile-rabbit-toy.png */; };
		AF366EDA1A55A15800976387 /* tag.png in Resources */ = {isa = PBXBuildFile; fileRef = AF366EAB1A55A15800976387 /* tag.png */; };
		AF366EDE1A55A15800976387 /* wishlist.png in Resources */ = {isa = PBXBuildFile; fileRef = AF366EAF1A55A15800976387 /* wishlist.png */; };
		AF3B2CB519ECBF1B00604562 /* Main.storyboard in Resources */ = {isa = PBXBuildFile; fileRef = AF3B2CB419ECBF1B00604562 /* Main.storyboard */; };
		AF3F388119EB562600CB785F /* BlogModel.m in Sources */ = {isa = PBXBuildFile; fileRef = AF3F388019EB562600CB785F /* BlogModel.m */; };
		AF3F388419EB566000CB785F /* BlogLocation.m in Sources */ = {isa = PBXBuildFile; fileRef = AF3F388319EB566000CB785F /* BlogLocation.m */; };
		AF3F388719EB595D00CB785F /* BlogViewController.m in Sources */ = {isa = PBXBuildFile; fileRef = AF3F388619EB595D00CB785F /* BlogViewController.m */; };
		AF4CD2A11B31E17900009991 /* Upload50.png in Resources */ = {isa = PBXBuildFile; fileRef = AF4CD2A01B31E17900009991 /* Upload50.png */; };
		AF4D46B71A55F3B6005984AD /* calendar.png in Resources */ = {isa = PBXBuildFile; fileRef = AF4D46B61A55F3B6005984AD /* calendar.png */; };
		AF4D46BA1A5634FB005984AD /* NewData.m in Sources */ = {isa = PBXBuildFile; fileRef = AF4D46B91A5634FB005984AD /* NewData.m */; };
		AF5163EE1B29C170007EAB2E /* Bolts.framework in Frameworks */ = {isa = PBXBuildFile; fileRef = AF5163EC1B29C170007EAB2E /* Bolts.framework */; };
		AF5163EF1B29C170007EAB2E /* Parse.framework in Frameworks */ = {isa = PBXBuildFile; fileRef = AF5163ED1B29C170007EAB2E /* Parse.framework */; };
		AF5163F11B29C180007EAB2E /* ParseUI.framework in Frameworks */ = {isa = PBXBuildFile; fileRef = AF5163F01B29C180007EAB2E /* ParseUI.framework */; };
		AF558C6E19DACE25004D30D7 /* MaplViewController.m in Sources */ = {isa = PBXBuildFile; fileRef = AF558C6D19DACE25004D30D7 /* MaplViewController.m */; };
		AF558C7119DAD121004D30D7 /* MapKit.framework in Frameworks */ = {isa = PBXBuildFile; fileRef = AF558C6F19DAD06A004D30D7 /* MapKit.framework */; };
		AF57D6951A428B3200CF130C /* AppPrefViewController.m in Sources */ = {isa = PBXBuildFile; fileRef = AF57D6941A428B3200CF130C /* AppPrefViewController.m */; };
		AF58DFB21B409520006729A3 /* iPad.storyboard in Resources */ = {isa = PBXBuildFile; fileRef = AF58DFB11B409520006729A3 /* iPad.storyboard */; };
		AF5D75941B4A21E200EEAA80 /* ParseStatConnection.m in Sources */ = {isa = PBXBuildFile; fileRef = AF5D75931B4A21E200EEAA80 /* ParseStatConnection.m */; };
		AF5EF8391A4F013D00B802E1 /* UploadImageViewController.m in Sources */ = {isa = PBXBuildFile; fileRef = AF5EF8381A4F013D00B802E1 /* UploadImageViewController.m */; };
		AF5F8EE11A61C4290063B6DA /* LookupCity.m in Sources */ = {isa = PBXBuildFile; fileRef = AF5F8EE01A61C4290063B6DA /* LookupCity.m */; };
		AF627C151A1239EF0048668B /* ProfileViewController.m in Sources */ = {isa = PBXBuildFile; fileRef = AF627C141A1239EF0048668B /* ProfileViewController.m */; };
		AF6308CF1A4DE1D800D89FD8 /* CollectionController.m in Sources */ = {isa = PBXBuildFile; fileRef = AF6308CE1A4DE1D800D89FD8 /* CollectionController.m */; };
		AF65081119EB158300CEF44D /* MainViewController.m in Sources */ = {isa = PBXBuildFile; fileRef = AF65081019EB158300CEF44D /* MainViewController.m */; };
		AF79A4251ADB6A6C003907FD /* CalenderEdit.m in Sources */ = {isa = PBXBuildFile; fileRef = AF79A4241ADB6A6C003907FD /* CalenderEdit.m */; };
		AF7B25721A05829600F7C058 /* CustController.m in Sources */ = {isa = PBXBuildFile; fileRef = AF7B25711A05829600F7C058 /* CustController.m */; };
		AF7B25751A0583E500F7C058 /* CustLocation.m in Sources */ = {isa = PBXBuildFile; fileRef = AF7B25741A0583E500F7C058 /* CustLocation.m */; };
		AF7B25781A0584AC00F7C058 /* CustModel.m in Sources */ = {isa = PBXBuildFile; fileRef = AF7B25771A0584AC00F7C058 /* CustModel.m */; };
		AF81F3991A06E4B40036FEDF /* WebMainController.m in Sources */ = {isa = PBXBuildFile; fileRef = AF81F3981A06E4B40036FEDF /* WebMainController.m */; };
		AF89085E1A325E630032CEF7 /* StoreKit.framework in Frameworks */ = {isa = PBXBuildFile; fileRef = AFA352F919FC70E300840AA3 /* StoreKit.framework */; };
		AF8B684C1AE442810025A2FD /* StatisticsiPhoneController.m in Sources */ = {isa = PBXBuildFile; fileRef = AF8B684B1AE442810025A2FD /* StatisticsiPhoneController.m */; };
		AF8D22E51B09641200AB426B /* StatLeadModel.m in Sources */ = {isa = PBXBuildFile; fileRef = AF8D22E41B09641200AB426B /* StatLeadModel.m */; };
		AF909E8F1A61C2F0008D6F14 /* LookupJob.m in Sources */ = {isa = PBXBuildFile; fileRef = AF909E8E1A61C2F0008D6F14 /* LookupJob.m */; };
		AF98DF931B5DC7C9007E4C69 /* NotificationDetailController.m in Sources */ = {isa = PBXBuildFile; fileRef = AF98DF921B5DC7C9007E4C69 /* NotificationDetailController.m */; };
		AF99267F1A4C768B00429EC8 /* CollectionHeaderView.m in Sources */ = {isa = PBXBuildFile; fileRef = AF99267E1A4C768B00429EC8 /* CollectionHeaderView.m */; };
		AF9926B01A4CF79300429EC8 /* JobViewCell.m in Sources */ = {isa = PBXBuildFile; fileRef = AF9926AF1A4CF79300429EC8 /* JobViewCell.m */; };
		AF9926B31A4CFD1100429EC8 /* CollectionDetailController.m in Sources */ = {isa = PBXBuildFile; fileRef = AF9926B21A4CFD1100429EC8 /* CollectionDetailController.m */; };
		AFA23E8E1BA8C09F003582D0 /* profile-bg.png in Resources */ = {isa = PBXBuildFile; fileRef = AFA23E8D1BA8C09F003582D0 /* profile-bg.png */; };
		AFA352E419FBE90600840AA3 /* SWRevealViewController.m in Sources */ = {isa = PBXBuildFile; fileRef = AFA352E319FBE90600840AA3 /* SWRevealViewController.m */; };
		AFA352EA19FC700800840AA3 /* AudioToolbox.framework in Frameworks */ = {isa = PBXBuildFile; fileRef = AFA352E919FC700800840AA3 /* AudioToolbox.framework */; };
		AFA352EC19FC701600840AA3 /* CFNetwork.framework in Frameworks */ = {isa = PBXBuildFile; fileRef = AFA352EB19FC701600840AA3 /* CFNetwork.framework */; };
		AFA352EE19FC702500840AA3 /* CoreGraphics.framework in Frameworks */ = {isa = PBXBuildFile; fileRef = AFA352ED19FC702500840AA3 /* CoreGraphics.framework */; };
		AFA352F019FC703400840AA3 /* CoreLocation.framework in Frameworks */ = {isa = PBXBuildFile; fileRef = AFA352EF19FC703400840AA3 /* CoreLocation.framework */; };
		AFA352F219FC70AF00840AA3 /* libz.dylib in Frameworks */ = {isa = PBXBuildFile; fileRef = AFA352F119FC70AF00840AA3 /* libz.dylib */; };
		AFA352F419FC70BA00840AA3 /* MobileCoreServices.framework in Frameworks */ = {isa = PBXBuildFile; fileRef = AFA352F319FC70BA00840AA3 /* MobileCoreServices.framework */; };
		AFA352F619FC70CA00840AA3 /* QuartzCore.framework in Frameworks */ = {isa = PBXBuildFile; fileRef = AFA352F519FC70CA00840AA3 /* QuartzCore.framework */; };
		AFA352F819FC70D500840AA3 /* Security.framework in Frameworks */ = {isa = PBXBuildFile; fileRef = AFA352F719FC70D500840AA3 /* Security.framework */; };
		AFA352FC19FC70F200840AA3 /* SystemConfiguration.framework in Frameworks */ = {isa = PBXBuildFile; fileRef = AFA352FB19FC70F200840AA3 /* SystemConfiguration.framework */; };
		AFA7CC8D1A3F8C5700128607 /* LaunchScreen.xib in Resources */ = {isa = PBXBuildFile; fileRef = AFA7CC8C1A3F8C5700128607 /* LaunchScreen.xib */; };
		AFA99E1E1A49E79700231173 /* NotificationController.m in Sources */ = {isa = PBXBuildFile; fileRef = AFA99E1D1A49E79700231173 /* NotificationController.m */; };
		AFAA0FD51A0E931E00205EE9 /* ContactsViewController.m in Sources */ = {isa = PBXBuildFile; fileRef = AFAA0FD41A0E931E00205EE9 /* ContactsViewController.m */; };
		AFAA0FD81A0E93A600205EE9 /* ContactsDetailController.m in Sources */ = {isa = PBXBuildFile; fileRef = AFAA0FD71A0E93A600205EE9 /* ContactsDetailController.m */; };
		AFAA0FDF1A10634600205EE9 /* SocialController.m in Sources */ = {isa = PBXBuildFile; fileRef = AFAA0FDE1A10634600205EE9 /* SocialController.m */; };
		AFAAE68B1A06C44A000C2423 /* NewsController.m in Sources */ = {isa = PBXBuildFile; fileRef = AFAAE68A1A06C44A000C2423 /* NewsController.m */; };
		AFACE9A61A0D04300066C042 /* CustomTableViewCell.m in Sources */ = {isa = PBXBuildFile; fileRef = AFACE9A51A0D04300066C042 /* CustomTableViewCell.m */; };
		AFAF45E41B5AD8C900FA255A /* Tornado.caf in Resources */ = {isa = PBXBuildFile; fileRef = AFAF45E31B5AD75600FA255A /* Tornado.caf */; };
		AFB581061AE5AFFA00DDD9B6 /* parseBlogLocation.m in Sources */ = {isa = PBXBuildFile; fileRef = AFB581051AE5AFFA00DDD9B6 /* parseBlogLocation.m */; };
		AFB8C7181AF3035500417431 /* StatCustModel.m in Sources */ = {isa = PBXBuildFile; fileRef = AFB8C7171AF3035500417431 /* StatCustModel.m */; };
		AFBC9E8719D9CEDE0050E67A /* main.m in Sources */ = {isa = PBXBuildFile; fileRef = AFBC9E8619D9CEDE0050E67A /* main.m */; };
		AFBC9E8A19D9CEDF0050E67A /* AppDelegate.m in Sources */ = {isa = PBXBuildFile; fileRef = AFBC9E8919D9CEDF0050E67A /* AppDelegate.m */; };
		AFBC9E8D19D9CEDF0050E67A /* ViewController.m in Sources */ = {isa = PBXBuildFile; fileRef = AFBC9E8C19D9CEDF0050E67A /* ViewController.m */; };
		AFBC9EA119D9CEDF0050E67A /* MySQLTests.m in Sources */ = {isa = PBXBuildFile; fileRef = AFBC9EA019D9CEDF0050E67A /* MySQLTests.m */; };
		AFBC9EAC19D9D1730050E67A /* HomeModel.m in Sources */ = {isa = PBXBuildFile; fileRef = AFBC9EAB19D9D1730050E67A /* HomeModel.m */; };
		AFBC9EAF19D9D1A60050E67A /* Location.m in Sources */ = {isa = PBXBuildFile; fileRef = AFBC9EAE19D9D1A60050E67A /* Location.m */; };
		AFBDBF3D1A90F54200DD4C66 /* mySQLBLOG.png in Resources */ = {isa = PBXBuildFile; fileRef = AFBDBF3A1A90F54200DD4C66 /* mySQLBLOG.png */; };
		AFBDBF3E1A90F54200DD4C66 /* mySQLHOME.png in Resources */ = {isa = PBXBuildFile; fileRef = AFBDBF3B1A90F54200DD4C66 /* mySQLHOME.png */; };
		AFBDBF3F1A90F54200DD4C66 /* mySQLNEWS.png in Resources */ = {isa = PBXBuildFile; fileRef = AFBDBF3C1A90F54200DD4C66 /* mySQLNEWS.png */; };
		AFBDBF411A90F54D00DD4C66 /* user_male-128.png in Resources */ = {isa = PBXBuildFile; fileRef = AFBDBF401A90F54D00DD4C66 /* user_male-128.png */; };
		AFC604B61A12C4570094538A /* MessageUI.framework in Frameworks */ = {isa = PBXBuildFile; fileRef = AFC604B51A12C4570094538A /* MessageUI.framework */; };
		AFCB326019F40B390087D3EF /* BlogNewViewController.m in Sources */ = {isa = PBXBuildFile; fileRef = AFCB325F19F40B390087D3EF /* BlogNewViewController.m */; };
		AFD0CC6C1A138F4A001FBE4C /* VendLocation.m in Sources */ = {isa = PBXBuildFile; fileRef = AFD0CC6B1A138F4A001FBE4C /* VendLocation.m */; };
		AFD8AB0F1B33933200EF793D /* NSOperationQueue+SharedQueue.m in Sources */ = {isa = PBXBuildFile; fileRef = AFD8AB0E1B33933200EF793D /* NSOperationQueue+SharedQueue.m */; };
		AFDDB3F81B3A2E3A00572370 /* YQL.m in Sources */ = {isa = PBXBuildFile; fileRef = AFDDB3F71B3A2E3A00572370 /* YQL.m */; };
		AFDE52B719F9E26B00220656 /* BlogEditDetailView.m in Sources */ = {isa = PBXBuildFile; fileRef = AFDE52B619F9E26B00220656 /* BlogEditDetailView.m */; };
		AFDFAB8A1A1398CF00022336 /* VendorViewController.m in Sources */ = {isa = PBXBuildFile; fileRef = AFDFAB891A1398CF00022336 /* VendorViewController.m */; };
		AFE1DA5D1A751BB50022025C /* LookupSalesman.m in Sources */ = {isa = PBXBuildFile; fileRef = AFE1DA5C1A751BB50022025C /* LookupSalesman.m */; };
		AFE4E15C1B29B9C800CBB751 /* 03 A Whiter Shade Of Pale.mp3 in Resources */ = {isa = PBXBuildFile; fileRef = AFE4E15B1B29B9C800CBB751 /* 03 A Whiter Shade Of Pale.mp3 */; };
		AFE9268A1A8AB7AA00FE7043 /* NewDataDetail.m in Sources */ = {isa = PBXBuildFile; fileRef = AFE926891A8AB7AA00FE7043 /* NewDataDetail.m */; };
		AFEAB02A1A90F2C9000A1B95 /* libsqlite3.0.dylib in Frameworks */ = {isa = PBXBuildFile; fileRef = AFEAB0291A90F2C9000A1B95 /* libsqlite3.0.dylib */; };
		AFEBCF471A6DAA2100C28C51 /* EditData.m in Sources */ = {isa = PBXBuildFile; fileRef = AFEBCF461A6DAA2100C28C51 /* EditData.m */; };
		AFF3B8841A2133F5005D556C /* EmployeeViewController.m in Sources */ = {isa = PBXBuildFile; fileRef = AFF3B8831A2133F5005D556C /* EmployeeViewController.m */; };
		AFF3B8871A2135B6005D556C /* EmployeeLocation.m in Sources */ = {isa = PBXBuildFile; fileRef = AFF3B8861A2135B6005D556C /* EmployeeLocation.m */; };
		AFF5F48A1A68921900687BC3 /* LookupProduct.m in Sources */ = {isa = PBXBuildFile; fileRef = AFF5F4891A68921900687BC3 /* LookupProduct.m */; };
		AFF782041A41B6760098692C /* Settings.bundle in Resources */ = {isa = PBXBuildFile; fileRef = AFF782031A41B6760098692C /* Settings.bundle */; };
		AFFC3ED01B9B34F1009AFB44 /* Thumb Up.png in Resources */ = {isa = PBXBuildFile; fileRef = AFFC3ECF1B9B34F1009AFB44 /* Thumb Up.png */; };
		AFFC3ED21B9B3502009AFB44 /* Left 2.png in Resources */ = {isa = PBXBuildFile; fileRef = AFFC3ED11B9B3502009AFB44 /* Left 2.png */; };
		AFFC3ED41B9B3511009AFB44 /* Left 2-25.png in Resources */ = {isa = PBXBuildFile; fileRef = AFFC3ED31B9B3511009AFB44 /* Left 2-25.png */; };
		AFFC3ED61B9B351F009AFB44 /* Flag.png in Resources */ = {isa = PBXBuildFile; fileRef = AFFC3ED51B9B351F009AFB44 /* Flag.png */; };
		AFFC3ED81B9B352D009AFB44 /* note30copy.png in Resources */ = {isa = PBXBuildFile; fileRef = AFFC3ED71B9B352D009AFB44 /* note30copy.png */; };
		AFFC3EDA1B9B353A009AFB44 /* play_button.png in Resources */ = {isa = PBXBuildFile; fileRef = AFFC3ED91B9B353A009AFB44 /* play_button.png */; };
		AFFE80401B47215D0022D2F9 /* StatisticsiPadController.m in Sources */ = {isa = PBXBuildFile; fileRef = AFFE803F1B47215D0022D2F9 /* StatisticsiPadController.m */; };
		AFFEA0701A31E8BA00165318 /* AdLocation.m in Sources */ = {isa = PBXBuildFile; fileRef = AFFEA06F1A31E8BA00165318 /* AdLocation.m */; };
		AFFEA0731A31E8DE00165318 /* AdModel.m in Sources */ = {isa = PBXBuildFile; fileRef = AFFEA0721A31E8DE00165318 /* AdModel.m */; };
		AFFEA0761A31ED3500165318 /* ProductLocation.m in Sources */ = {isa = PBXBuildFile; fileRef = AFFEA0751A31ED3500165318 /* ProductLocation.m */; };
		AFFEA0791A31ED5200165318 /* ProductModel.m in Sources */ = {isa = PBXBuildFile; fileRef = AFFEA0781A31ED5200165318 /* ProductModel.m */; };
		AFFEA07F1A31F4A500165318 /* JobModel.m in Sources */ = {isa = PBXBuildFile; fileRef = AFFEA07E1A31F4A500165318 /* JobModel.m */; };
		AFFEA0821A32095400165318 /* ProductViewController.m in Sources */ = {isa = PBXBuildFile; fileRef = AFFEA0811A32095400165318 /* ProductViewController.m */; };
		AFFEA0861A32101600165318 /* AdvertisingViewController.m in Sources */ = {isa = PBXBuildFile; fileRef = AFFEA0851A32101600165318 /* AdvertisingViewController.m */; };
		AFFEA0891A32155300165318 /* JobViewController.m in Sources */ = {isa = PBXBuildFile; fileRef = AFFEA0881A32155300165318 /* JobViewController.m */; };
		AFFEA0911A32273800165318 /* JobLocation.m in Sources */ = {isa = PBXBuildFile; fileRef = AFFEA0901A32273800165318 /* JobLocation.m */; };
/* End PBXBuildFile section */

/* Begin PBXContainerItemProxy section */
		AFBC9E9B19D9CEDF0050E67A /* PBXContainerItemProxy */ = {
			isa = PBXContainerItemProxy;
			containerPortal = AFBC9E7919D9CEDE0050E67A /* Project object */;
			proxyType = 1;
			remoteGlobalIDString = AFBC9E8019D9CEDE0050E67A;
			remoteInfo = MySQL;
		};
/* End PBXContainerItemProxy section */

/* Begin PBXFileReference section */
		AF023A9E1AE09691006D8AEC /* ParseConnection.m */ = {isa = PBXFileReference; fileEncoding = 4; lastKnownFileType = sourcecode.c.objc; path = ParseConnection.m; sourceTree = "<group>"; };
		AF0263DD1AEDCEEF005A0AD4 /* ConstantMain.h */ = {isa = PBXFileReference; lastKnownFileType = sourcecode.c.h; path = ConstantMain.h; sourceTree = "<group>"; };
		AF02A0DA19E01EB600A6C1D0 /* LeadDetailViewControler.h */ = {isa = PBXFileReference; fileEncoding = 4; lastKnownFileType = sourcecode.c.h; path = LeadDetailViewControler.h; sourceTree = "<group>"; };
		AF02A0DB19E01EB600A6C1D0 /* LeadDetailViewControler.m */ = {isa = PBXFileReference; fileEncoding = 4; lastKnownFileType = sourcecode.c.objc; path = LeadDetailViewControler.m; sourceTree = "<group>"; };
		AF16E63A1B8609A8009A0660 /* NewsDetailController.h */ = {isa = PBXFileReference; fileEncoding = 4; lastKnownFileType = sourcecode.c.h; path = NewsDetailController.h; sourceTree = "<group>"; };
		AF16E63B1B8609A8009A0660 /* NewsDetailController.m */ = {isa = PBXFileReference; fileEncoding = 4; lastKnownFileType = sourcecode.c.objc; path = NewsDetailController.m; sourceTree = "<group>"; };
		AF1D63FE1A0D27A6007C6638 /* SidebarViewController.h */ = {isa = PBXFileReference; fileEncoding = 4; lastKnownFileType = sourcecode.c.h; path = SidebarViewController.h; sourceTree = "<group>"; };
		AF1D63FF1A0D27A6007C6638 /* SidebarViewController.m */ = {isa = PBXFileReference; fileEncoding = 4; lastKnownFileType = sourcecode.c.objc; path = SidebarViewController.m; sourceTree = "<group>"; };
		AF20EFAE1ACF0A8C00572AD3 /* ParseConnection.h */ = {isa = PBXFileReference; fileEncoding = 4; lastKnownFileType = sourcecode.c.h; path = ParseConnection.h; sourceTree = "<group>"; };
		AF23C4EC1A3B8B9A005FBDB6 /* LoginViewController.h */ = {isa = PBXFileReference; fileEncoding = 4; lastKnownFileType = sourcecode.c.h; path = LoginViewController.h; sourceTree = "<group>"; };
		AF23C4ED1A3B8B9A005FBDB6 /* LoginViewController.m */ = {isa = PBXFileReference; fileEncoding = 4; lastKnownFileType = sourcecode.c.objc; path = LoginViewController.m; sourceTree = "<group>"; };
		AF26EF751A360BA300FFE5F0 /* SalesmanViewController.h */ = {isa = PBXFileReference; fileEncoding = 4; lastKnownFileType = sourcecode.c.h; path = SalesmanViewController.h; sourceTree = "<group>"; };
		AF26EF761A360BA300FFE5F0 /* SalesmanViewController.m */ = {isa = PBXFileReference; fileEncoding = 4; lastKnownFileType = sourcecode.c.objc; path = SalesmanViewController.m; sourceTree = "<group>"; };
		AF26EF781A360BFB00FFE5F0 /* SalesLocation.h */ = {isa = PBXFileReference; fileEncoding = 4; lastKnownFileType = sourcecode.c.h; path = SalesLocation.h; sourceTree = "<group>"; };
		AF26EF791A360BFB00FFE5F0 /* SalesLocation.m */ = {isa = PBXFileReference; fileEncoding = 4; lastKnownFileType = sourcecode.c.objc; path = SalesLocation.m; sourceTree = "<group>"; };
		AF26EF7B1A360C0F00FFE5F0 /* SalesModel.h */ = {isa = PBXFileReference; fileEncoding = 4; lastKnownFileType = sourcecode.c.h; path = SalesModel.h; sourceTree = "<group>"; };
		AF26EF7C1A360C0F00FFE5F0 /* SalesModel.m */ = {isa = PBXFileReference; fileEncoding = 4; lastKnownFileType = sourcecode.c.objc; path = SalesModel.m; sourceTree = "<group>"; };
		AF2856651A256B5000A6F42A /* MapController.m */ = {isa = PBXFileReference; fileEncoding = 4; lastKnownFileType = sourcecode.c.objc; path = MapController.m; sourceTree = "<group>"; };
		AF2856671A256B6D00A6F42A /* MapController.h */ = {isa = PBXFileReference; lastKnownFileType = sourcecode.c.h; path = MapController.h; sourceTree = "<group>"; };
		AF2856681A256B9E00A6F42A /* EmployeeModel.h */ = {isa = PBXFileReference; lastKnownFileType = sourcecode.c.h; path = EmployeeModel.h; sourceTree = "<group>"; };
		AF2856691A256BBB00A6F42A /* EmployeeModel.m */ = {isa = PBXFileReference; fileEncoding = 4; lastKnownFileType = sourcecode.c.objc; path = EmployeeModel.m; sourceTree = "<group>"; };
		AF2881E71A5DA29E00644802 /* LookupCity.h */ = {isa = PBXFileReference; fileEncoding = 4; lastKnownFileType = sourcecode.c.h; path = LookupCity.h; sourceTree = "<group>"; };
		AF292DEA1B38F707007B69E2 /* Images.xcassets */ = {isa = PBXFileReference; lastKnownFileType = folder.assetcatalog; path = Images.xcassets; sourceTree = "<group>"; };
		AF2B5AF31A137D5A00CABD1B /* VendorModel.h */ = {isa = PBXFileReference; fileEncoding = 4; lastKnownFileType = sourcecode.c.h; path = VendorModel.h; sourceTree = "<group>"; };
		AF2B5AF41A137D5A00CABD1B /* VendorModel.m */ = {isa = PBXFileReference; fileEncoding = 4; lastKnownFileType = sourcecode.c.objc; path = VendorModel.m; sourceTree = "<group>"; };
		AF366E841A55A15800976387 /* IMG_1133.jpg */ = {isa = PBXFileReference; lastKnownFileType = image.jpeg; name = IMG_1133.jpg; path = images/IMG_1133.jpg; sourceTree = "<group>"; };
		AF366E851A55A15800976387 /* IMG_1133New.jpg */ = {isa = PBXFileReference; lastKnownFileType = image.jpeg; name = IMG_1133New.jpg; path = images/IMG_1133New.jpg; sourceTree = "<group>"; };
		AF366E8B1A55A15800976387 /* bookmark.png */ = {isa = PBXFileReference; lastKnownFileType = image.png; name = bookmark.png; path = images/bookmark.png; sourceTree = "<group>"; };
		AF366E8D1A55A15800976387 /* cloud_filled-50.png */ = {isa = PBXFileReference; lastKnownFileType = image.png; name = "cloud_filled-50.png"; path = "images/cloud_filled-50.png"; sourceTree = "<group>"; };
		AF366E8E1A55A15800976387 /* cloud-50.png */ = {isa = PBXFileReference; lastKnownFileType = image.png; name = "cloud-50.png"; path = "images/cloud-50.png"; sourceTree = "<group>"; };
		AF366E8F1A55A15800976387 /* cloud30copy.png */ = {isa = PBXFileReference; lastKnownFileType = image.png; name = cloud30copy.png; path = images/cloud30copy.png; sourceTree = "<group>"; };
		AF366E901A55A15800976387 /* comments.png */ = {isa = PBXFileReference; lastKnownFileType = image.png; name = comments.png; path = images/comments.png; sourceTree = "<group>"; };
		AF366E911A55A15800976387 /* display30copy.png */ = {isa = PBXFileReference; lastKnownFileType = image.png; name = display30copy.png; path = images/display30copy.png; sourceTree = "<group>"; };
		AF366E941A55A15800976387 /* footer_banner.png */ = {isa = PBXFileReference; lastKnownFileType = image.png; name = footer_banner.png; path = images/footer_banner.png; sourceTree = "<group>"; };
		AF366E951A55A15800976387 /* header_banner.png */ = {isa = PBXFileReference; lastKnownFileType = image.png; name = header_banner.png; path = images/header_banner.png; sourceTree = "<group>"; };
		AF366E961A55A15800976387 /* home copy.png */ = {isa = PBXFileReference; lastKnownFileType = image.png; name = "home copy.png"; path = "images/home copy.png"; sourceTree = "<group>"; };
		AF366E971A55A15800976387 /* home_filled-50.png */ = {isa = PBXFileReference; lastKnownFileType = image.png; name = "home_filled-50.png"; path = "images/home_filled-50.png"; sourceTree = "<group>"; };
		AF366E981A55A15800976387 /* home-50.png */ = {isa = PBXFileReference; lastKnownFileType = image.png; name = "home-50.png"; path = "images/home-50.png"; sourceTree = "<group>"; };
		AF366E991A55A15800976387 /* home30.png */ = {isa = PBXFileReference; lastKnownFileType = image.png; name = home30.png; path = images/home30.png; sourceTree = "<group>"; };
		AF366E9A1A55A15800976387 /* home30sel.png */ = {isa = PBXFileReference; lastKnownFileType = image.png; name = home30sel.png; path = images/home30sel.png; sourceTree = "<group>"; };
		AF366E9C1A55A15800976387 /* iosStar.png */ = {isa = PBXFileReference; lastKnownFileType = image.png; name = iosStar.png; path = images/iosStar.png; sourceTree = "<group>"; };
		AF366E9D1A55A15800976387 /* iosStarNA.png */ = {isa = PBXFileReference; lastKnownFileType = image.png; name = iosStarNA.png; path = images/iosStarNA.png; sourceTree = "<group>"; };
		AF366E9F1A55A15800976387 /* map.png */ = {isa = PBXFileReference; lastKnownFileType = image.png; name = map.png; path = images/map.png; sourceTree = "<group>"; };
		AF366EA01A55A15800976387 /* menu.png */ = {isa = PBXFileReference; lastKnownFileType = image.png; name = menu.png; path = images/menu.png; sourceTree = "<group>"; };
		AF366EA11A55A15800976387 /* menu@2x.png */ = {isa = PBXFileReference; lastKnownFileType = image.png; name = "menu@2x.png"; path = "images/menu@2x.png"; sourceTree = "<group>"; };
		AF366EA21A55A15800976387 /* nav_bg.png */ = {isa = PBXFileReference; lastKnownFileType = image.png; name = nav_bg.png; path = images/nav_bg.png; sourceTree = "<group>"; };
		AF366EA31A55A15800976387 /* news.png */ = {isa = PBXFileReference; lastKnownFileType = image.png; name = news.png; path = images/news.png; sourceTree = "<group>"; };
		AF366EA51A55A15800976387 /* photo-frame-2.png */ = {isa = PBXFileReference; lastKnownFileType = image.png; name = "photo-frame-2.png"; path = "images/photo-frame-2.png"; sourceTree = "<group>"; };
		AF366EA61A55A15800976387 /* photo-frame.png */ = {isa = PBXFileReference; lastKnownFileType = image.png; name = "photo-frame.png"; path = "images/photo-frame.png"; sourceTree = "<group>"; };
		AF366EA71A55A15800976387 /* photo.png */ = {isa = PBXFileReference; lastKnownFileType = image.png; name = photo.png; path = images/photo.png; sourceTree = "<group>"; };
		AF366EA91A55A15800976387 /* profile-rabbit-toy.png */ = {isa = PBXFileReference; lastKnownFileType = image.png; name = "profile-rabbit-toy.png"; path = "images/profile-rabbit-toy.png"; sourceTree = "<group>"; };
		AF366EAB1A55A15800976387 /* tag.png */ = {isa = PBXFileReference; lastKnownFileType = image.png; name = tag.png; path = images/tag.png; sourceTree = "<group>"; };
		AF366EAF1A55A15800976387 /* wishlist.png */ = {isa = PBXFileReference; lastKnownFileType = image.png; name = wishlist.png; path = images/wishlist.png; sourceTree = "<group>"; };
		AF3B2CB419ECBF1B00604562 /* Main.storyboard */ = {isa = PBXFileReference; fileEncoding = 4; lastKnownFileType = file.storyboard; path = Main.storyboard; sourceTree = "<group>"; };
		AF3F387F19EB562600CB785F /* BlogModel.h */ = {isa = PBXFileReference; fileEncoding = 4; lastKnownFileType = sourcecode.c.h; path = BlogModel.h; sourceTree = "<group>"; };
		AF3F388019EB562600CB785F /* BlogModel.m */ = {isa = PBXFileReference; fileEncoding = 4; lastKnownFileType = sourcecode.c.objc; path = BlogModel.m; sourceTree = "<group>"; };
		AF3F388319EB566000CB785F /* BlogLocation.m */ = {isa = PBXFileReference; fileEncoding = 4; lastKnownFileType = sourcecode.c.objc; path = BlogLocation.m; sourceTree = "<group>"; };
		AF3F388519EB595D00CB785F /* BlogViewController.h */ = {isa = PBXFileReference; fileEncoding = 4; lastKnownFileType = sourcecode.c.h; path = BlogViewController.h; sourceTree = "<group>"; };
		AF3F388619EB595D00CB785F /* BlogViewController.m */ = {isa = PBXFileReference; fileEncoding = 4; lastKnownFileType = sourcecode.c.objc; path = BlogViewController.m; sourceTree = "<group>"; };
		AF4CD2A01B31E17900009991 /* Upload50.png */ = {isa = PBXFileReference; lastKnownFileType = image.png; name = Upload50.png; path = images/Upload50.png; sourceTree = "<group>"; };
		AF4D46B61A55F3B6005984AD /* calendar.png */ = {isa = PBXFileReference; lastKnownFileType = image.png; name = calendar.png; path = images/calendar.png; sourceTree = "<group>"; };
		AF4D46B81A5634FB005984AD /* NewData.h */ = {isa = PBXFileReference; fileEncoding = 4; lastKnownFileType = sourcecode.c.h; path = NewData.h; sourceTree = "<group>"; };
		AF4D46B91A5634FB005984AD /* NewData.m */ = {isa = PBXFileReference; fileEncoding = 4; lastKnownFileType = sourcecode.c.objc; lineEnding = 0; path = NewData.m; sourceTree = "<group>"; xcLanguageSpecificationIdentifier = xcode.lang.objc; };
		AF5163EC1B29C170007EAB2E /* Bolts.framework */ = {isa = PBXFileReference; lastKnownFileType = wrapper.framework; name = Bolts.framework; path = Parse/Bolts.framework; sourceTree = "<group>"; };
		AF5163ED1B29C170007EAB2E /* Parse.framework */ = {isa = PBXFileReference; lastKnownFileType = wrapper.framework; name = Parse.framework; path = Parse/Parse.framework; sourceTree = "<group>"; };
		AF5163F01B29C180007EAB2E /* ParseUI.framework */ = {isa = PBXFileReference; lastKnownFileType = wrapper.framework; name = ParseUI.framework; path = Parse/ParseUI.framework; sourceTree = "<group>"; };
		AF558C6C19DACE25004D30D7 /* MapViewController.h */ = {isa = PBXFileReference; fileEncoding = 4; lastKnownFileType = sourcecode.c.h; path = MapViewController.h; sourceTree = "<group>"; };
		AF558C6D19DACE25004D30D7 /* MaplViewController.m */ = {isa = PBXFileReference; fileEncoding = 4; lastKnownFileType = sourcecode.c.objc; path = MaplViewController.m; sourceTree = "<group>"; };
		AF558C6F19DAD06A004D30D7 /* MapKit.framework */ = {isa = PBXFileReference; lastKnownFileType = wrapper.framework; name = MapKit.framework; path = System/Library/Frameworks/MapKit.framework; sourceTree = SDKROOT; };
		AF57D6931A428B3200CF130C /* AppPrefViewController.h */ = {isa = PBXFileReference; fileEncoding = 4; lastKnownFileType = sourcecode.c.h; path = AppPrefViewController.h; sourceTree = "<group>"; };
		AF57D6941A428B3200CF130C /* AppPrefViewController.m */ = {isa = PBXFileReference; fileEncoding = 4; lastKnownFileType = sourcecode.c.objc; path = AppPrefViewController.m; sourceTree = "<group>"; };
		AF58DFB11B409520006729A3 /* iPad.storyboard */ = {isa = PBXFileReference; fileEncoding = 4; lastKnownFileType = file.storyboard; path = iPad.storyboard; sourceTree = "<group>"; };
		AF5D75921B4A21E200EEAA80 /* ParseStatConnection.h */ = {isa = PBXFileReference; fileEncoding = 4; lastKnownFileType = sourcecode.c.h; path = ParseStatConnection.h; sourceTree = "<group>"; };
		AF5D75931B4A21E200EEAA80 /* ParseStatConnection.m */ = {isa = PBXFileReference; fileEncoding = 4; lastKnownFileType = sourcecode.c.objc; path = ParseStatConnection.m; sourceTree = "<group>"; };
		AF5EF8381A4F013D00B802E1 /* UploadImageViewController.m */ = {isa = PBXFileReference; fileEncoding = 4; lastKnownFileType = sourcecode.c.objc; path = UploadImageViewController.m; sourceTree = "<group>"; };
		AF5EF83A1A4F015900B802E1 /* UploadImageViewController.h */ = {isa = PBXFileReference; lastKnownFileType = sourcecode.c.h; path = UploadImageViewController.h; sourceTree = "<group>"; };
		AF5F8EE01A61C4290063B6DA /* LookupCity.m */ = {isa = PBXFileReference; fileEncoding = 4; lastKnownFileType = sourcecode.c.objc; path = LookupCity.m; sourceTree = "<group>"; };
		AF627C131A1239EF0048668B /* ProfileViewController.h */ = {isa = PBXFileReference; fileEncoding = 4; lastKnownFileType = sourcecode.c.h; path = ProfileViewController.h; sourceTree = "<group>"; };
		AF627C141A1239EF0048668B /* ProfileViewController.m */ = {isa = PBXFileReference; fileEncoding = 4; lastKnownFileType = sourcecode.c.objc; path = ProfileViewController.m; sourceTree = "<group>"; };
		AF6308CD1A4DE1D800D89FD8 /* CollectionController.h */ = {isa = PBXFileReference; fileEncoding = 4; lastKnownFileType = sourcecode.c.h; path = CollectionController.h; sourceTree = "<group>"; };
		AF6308CE1A4DE1D800D89FD8 /* CollectionController.m */ = {isa = PBXFileReference; fileEncoding = 4; lastKnownFileType = sourcecode.c.objc; path = CollectionController.m; sourceTree = "<group>"; };
		AF65080F19EB158300CEF44D /* MainViewController.h */ = {isa = PBXFileReference; fileEncoding = 4; lastKnownFileType = sourcecode.c.h; path = MainViewController.h; sourceTree = "<group>"; };
		AF65081019EB158300CEF44D /* MainViewController.m */ = {isa = PBXFileReference; fileEncoding = 4; lastKnownFileType = sourcecode.c.objc; path = MainViewController.m; sourceTree = "<group>"; };
		AF789A901B17ED5D0049F540 /* iAd.framework */ = {isa = PBXFileReference; lastKnownFileType = wrapper.framework; name = iAd.framework; path = System/Library/Frameworks/iAd.framework; sourceTree = SDKROOT; };
		AF79A4231ADB6A6C003907FD /* CalenderEdit.h */ = {isa = PBXFileReference; fileEncoding = 4; lastKnownFileType = sourcecode.c.h; path = CalenderEdit.h; sourceTree = "<group>"; };
		AF79A4241ADB6A6C003907FD /* CalenderEdit.m */ = {isa = PBXFileReference; fileEncoding = 4; lastKnownFileType = sourcecode.c.objc; path = CalenderEdit.m; sourceTree = "<group>"; };
		AF7B25701A05829600F7C058 /* CustController.h */ = {isa = PBXFileReference; fileEncoding = 4; lastKnownFileType = sourcecode.c.h; path = CustController.h; sourceTree = "<group>"; };
		AF7B25711A05829600F7C058 /* CustController.m */ = {isa = PBXFileReference; fileEncoding = 4; lastKnownFileType = sourcecode.c.objc; path = CustController.m; sourceTree = "<group>"; };
		AF7B25731A0583E500F7C058 /* CustLocation.h */ = {isa = PBXFileReference; fileEncoding = 4; lastKnownFileType = sourcecode.c.h; path = CustLocation.h; sourceTree = "<group>"; };
		AF7B25741A0583E500F7C058 /* CustLocation.m */ = {isa = PBXFileReference; fileEncoding = 4; lastKnownFileType = sourcecode.c.objc; path = CustLocation.m; sourceTree = "<group>"; };
		AF7B25761A0584AC00F7C058 /* CustModel.h */ = {isa = PBXFileReference; fileEncoding = 4; lastKnownFileType = sourcecode.c.h; path = CustModel.h; sourceTree = "<group>"; };
		AF7B25771A0584AC00F7C058 /* CustModel.m */ = {isa = PBXFileReference; fileEncoding = 4; lastKnownFileType = sourcecode.c.objc; path = CustModel.m; sourceTree = "<group>"; };
		AF81F3971A06E4B40036FEDF /* WebMainController.h */ = {isa = PBXFileReference; fileEncoding = 4; lastKnownFileType = sourcecode.c.h; path = WebMainController.h; sourceTree = "<group>"; };
		AF81F3981A06E4B40036FEDF /* WebMainController.m */ = {isa = PBXFileReference; fileEncoding = 4; lastKnownFileType = sourcecode.c.objc; path = WebMainController.m; sourceTree = "<group>"; };
		AF8B684A1AE442810025A2FD /* StatisticsiPhoneController.h */ = {isa = PBXFileReference; fileEncoding = 4; lastKnownFileType = sourcecode.c.h; path = StatisticsiPhoneController.h; sourceTree = "<group>"; };
		AF8B684B1AE442810025A2FD /* StatisticsiPhoneController.m */ = {isa = PBXFileReference; fileEncoding = 4; lastKnownFileType = sourcecode.c.objc; path = StatisticsiPhoneController.m; sourceTree = "<group>"; };
		AF8D22E31B09641200AB426B /* StatLeadModel.h */ = {isa = PBXFileReference; fileEncoding = 4; lastKnownFileType = sourcecode.c.h; path = StatLeadModel.h; sourceTree = "<group>"; };
		AF8D22E41B09641200AB426B /* StatLeadModel.m */ = {isa = PBXFileReference; fileEncoding = 4; lastKnownFileType = sourcecode.c.objc; path = StatLeadModel.m; sourceTree = "<group>"; };
		AF909E8E1A61C2F0008D6F14 /* LookupJob.m */ = {isa = PBXFileReference; fileEncoding = 4; lastKnownFileType = sourcecode.c.objc; path = LookupJob.m; sourceTree = "<group>"; };
		AF98DF911B5DC7C9007E4C69 /* NotificationDetailController.h */ = {isa = PBXFileReference; fileEncoding = 4; lastKnownFileType = sourcecode.c.h; path = NotificationDetailController.h; sourceTree = "<group>"; };
		AF98DF921B5DC7C9007E4C69 /* NotificationDetailController.m */ = {isa = PBXFileReference; fileEncoding = 4; lastKnownFileType = sourcecode.c.objc; path = NotificationDetailController.m; sourceTree = "<group>"; };
		AF99267D1A4C768B00429EC8 /* CollectionHeaderView.h */ = {isa = PBXFileReference; fileEncoding = 4; lastKnownFileType = sourcecode.c.h; path = CollectionHeaderView.h; sourceTree = "<group>"; };
		AF99267E1A4C768B00429EC8 /* CollectionHeaderView.m */ = {isa = PBXFileReference; fileEncoding = 4; lastKnownFileType = sourcecode.c.objc; path = CollectionHeaderView.m; sourceTree = "<group>"; };
		AF9926AE1A4CF79300429EC8 /* JobViewCell.h */ = {isa = PBXFileReference; fileEncoding = 4; lastKnownFileType = sourcecode.c.h; path = JobViewCell.h; sourceTree = "<group>"; };
		AF9926AF1A4CF79300429EC8 /* JobViewCell.m */ = {isa = PBXFileReference; fileEncoding = 4; lastKnownFileType = sourcecode.c.objc; path = JobViewCell.m; sourceTree = "<group>"; };
		AF9926B11A4CFD1100429EC8 /* CollectionDetailController.h */ = {isa = PBXFileReference; fileEncoding = 4; lastKnownFileType = sourcecode.c.h; path = CollectionDetailController.h; sourceTree = "<group>"; };
		AF9926B21A4CFD1100429EC8 /* CollectionDetailController.m */ = {isa = PBXFileReference; fileEncoding = 4; lastKnownFileType = sourcecode.c.objc; path = CollectionDetailController.m; sourceTree = "<group>"; };
		AFA23E8D1BA8C09F003582D0 /* profile-bg.png */ = {isa = PBXFileReference; lastKnownFileType = image.png; path = "profile-bg.png"; sourceTree = "<group>"; };
		AFA352E219FBE90600840AA3 /* SWRevealViewController.h */ = {isa = PBXFileReference; fileEncoding = 4; lastKnownFileType = sourcecode.c.h; path = SWRevealViewController.h; sourceTree = "<group>"; };
		AFA352E319FBE90600840AA3 /* SWRevealViewController.m */ = {isa = PBXFileReference; fileEncoding = 4; lastKnownFileType = sourcecode.c.objc; path = SWRevealViewController.m; sourceTree = "<group>"; };
		AFA352E919FC700800840AA3 /* AudioToolbox.framework */ = {isa = PBXFileReference; lastKnownFileType = wrapper.framework; name = AudioToolbox.framework; path = System/Library/Frameworks/AudioToolbox.framework; sourceTree = SDKROOT; };
		AFA352EB19FC701600840AA3 /* CFNetwork.framework */ = {isa = PBXFileReference; lastKnownFileType = wrapper.framework; name = CFNetwork.framework; path = System/Library/Frameworks/CFNetwork.framework; sourceTree = SDKROOT; };
		AFA352ED19FC702500840AA3 /* CoreGraphics.framework */ = {isa = PBXFileReference; lastKnownFileType = wrapper.framework; name = CoreGraphics.framework; path = System/Library/Frameworks/CoreGraphics.framework; sourceTree = SDKROOT; };
		AFA352EF19FC703400840AA3 /* CoreLocation.framework */ = {isa = PBXFileReference; lastKnownFileType = wrapper.framework; name = CoreLocation.framework; path = System/Library/Frameworks/CoreLocation.framework; sourceTree = SDKROOT; };
		AFA352F119FC70AF00840AA3 /* libz.dylib */ = {isa = PBXFileReference; lastKnownFileType = "compiled.mach-o.dylib"; name = libz.dylib; path = usr/lib/libz.dylib; sourceTree = SDKROOT; };
		AFA352F319FC70BA00840AA3 /* MobileCoreServices.framework */ = {isa = PBXFileReference; lastKnownFileType = wrapper.framework; name = MobileCoreServices.framework; path = System/Library/Frameworks/MobileCoreServices.framework; sourceTree = SDKROOT; };
		AFA352F519FC70CA00840AA3 /* QuartzCore.framework */ = {isa = PBXFileReference; lastKnownFileType = wrapper.framework; name = QuartzCore.framework; path = System/Library/Frameworks/QuartzCore.framework; sourceTree = SDKROOT; };
		AFA352F719FC70D500840AA3 /* Security.framework */ = {isa = PBXFileReference; lastKnownFileType = wrapper.framework; name = Security.framework; path = System/Library/Frameworks/Security.framework; sourceTree = SDKROOT; };
		AFA352F919FC70E300840AA3 /* StoreKit.framework */ = {isa = PBXFileReference; lastKnownFileType = wrapper.framework; name = StoreKit.framework; path = System/Library/Frameworks/StoreKit.framework; sourceTree = SDKROOT; };
		AFA352FB19FC70F200840AA3 /* SystemConfiguration.framework */ = {isa = PBXFileReference; lastKnownFileType = wrapper.framework; name = SystemConfiguration.framework; path = System/Library/Frameworks/SystemConfiguration.framework; sourceTree = SDKROOT; };
		AFA71F0D1A6192BF00FBEDEE /* LookupJob.h */ = {isa = PBXFileReference; lastKnownFileType = sourcecode.c.h; path = LookupJob.h; sourceTree = "<group>"; };
		AFA744931B50AD17004F7984 /* MySQL.profdata */ = {isa = PBXFileReference; lastKnownFileType = file; path = MySQL.profdata; sourceTree = "<group>"; };
		AFA7CC8C1A3F8C5700128607 /* LaunchScreen.xib */ = {isa = PBXFileReference; fileEncoding = 4; lastKnownFileType = file.xib; path = LaunchScreen.xib; sourceTree = "<group>"; };
		AFA99E1C1A49E79700231173 /* NotificationController.h */ = {isa = PBXFileReference; fileEncoding = 4; lastKnownFileType = sourcecode.c.h; path = NotificationController.h; sourceTree = "<group>"; };
		AFA99E1D1A49E79700231173 /* NotificationController.m */ = {isa = PBXFileReference; fileEncoding = 4; lastKnownFileType = sourcecode.c.objc; path = NotificationController.m; sourceTree = "<group>"; };
		AFAA0FD31A0E931E00205EE9 /* ContactsViewController.h */ = {isa = PBXFileReference; fileEncoding = 4; lastKnownFileType = sourcecode.c.h; path = ContactsViewController.h; sourceTree = "<group>"; };
		AFAA0FD41A0E931E00205EE9 /* ContactsViewController.m */ = {isa = PBXFileReference; fileEncoding = 4; lastKnownFileType = sourcecode.c.objc; path = ContactsViewController.m; sourceTree = "<group>"; };
		AFAA0FD61A0E93A600205EE9 /* ContactsDetailController.h */ = {isa = PBXFileReference; fileEncoding = 4; lastKnownFileType = sourcecode.c.h; path = ContactsDetailController.h; sourceTree = "<group>"; };
		AFAA0FD71A0E93A600205EE9 /* ContactsDetailController.m */ = {isa = PBXFileReference; fileEncoding = 4; lastKnownFileType = sourcecode.c.objc; path = ContactsDetailController.m; sourceTree = "<group>"; };
		AFAA0FDD1A10634600205EE9 /* SocialController.h */ = {isa = PBXFileReference; fileEncoding = 4; lastKnownFileType = sourcecode.c.h; path = SocialController.h; sourceTree = "<group>"; };
		AFAA0FDE1A10634600205EE9 /* SocialController.m */ = {isa = PBXFileReference; fileEncoding = 4; lastKnownFileType = sourcecode.c.objc; path = SocialController.m; sourceTree = "<group>"; };
		AFAAE6891A06C44A000C2423 /* NewsController.h */ = {isa = PBXFileReference; fileEncoding = 4; lastKnownFileType = sourcecode.c.h; path = NewsController.h; sourceTree = "<group>"; };
		AFAAE68A1A06C44A000C2423 /* NewsController.m */ = {isa = PBXFileReference; fileEncoding = 4; lastKnownFileType = sourcecode.c.objc; path = NewsController.m; sourceTree = "<group>"; };
		AFACE9A41A0D04300066C042 /* CustomTableViewCell.h */ = {isa = PBXFileReference; fileEncoding = 4; lastKnownFileType = sourcecode.c.h; path = CustomTableViewCell.h; sourceTree = "<group>"; };
		AFACE9A51A0D04300066C042 /* CustomTableViewCell.m */ = {isa = PBXFileReference; fileEncoding = 4; lastKnownFileType = sourcecode.c.objc; path = CustomTableViewCell.m; sourceTree = "<group>"; };
		AFAE5FC51A138998005D4245 /* BlogLocation.h */ = {isa = PBXFileReference; lastKnownFileType = sourcecode.c.h; path = BlogLocation.h; sourceTree = "<group>"; };
		AFAF45E31B5AD75600FA255A /* Tornado.caf */ = {isa = PBXFileReference; lastKnownFileType = file; name = Tornado.caf; path = Music/Tornado.caf; sourceTree = "<group>"; };
		AFB581041AE5AFFA00DDD9B6 /* parseBlogLocation.h */ = {isa = PBXFileReference; fileEncoding = 4; lastKnownFileType = sourcecode.c.h; path = parseBlogLocation.h; sourceTree = "<group>"; };
		AFB581051AE5AFFA00DDD9B6 /* parseBlogLocation.m */ = {isa = PBXFileReference; fileEncoding = 4; lastKnownFileType = sourcecode.c.objc; path = parseBlogLocation.m; sourceTree = "<group>"; };
		AFB8C7161AF3035500417431 /* StatCustModel.h */ = {isa = PBXFileReference; fileEncoding = 4; lastKnownFileType = sourcecode.c.h; path = StatCustModel.h; sourceTree = "<group>"; };
		AFB8C7171AF3035500417431 /* StatCustModel.m */ = {isa = PBXFileReference; fileEncoding = 4; lastKnownFileType = sourcecode.c.objc; path = StatCustModel.m; sourceTree = "<group>"; };
		AFB91FBA1A4A592B00737D1F /* Constants.h */ = {isa = PBXFileReference; lastKnownFileType = sourcecode.c.h; path = Constants.h; sourceTree = "<group>"; };
		AFBC9E8119D9CEDE0050E67A /* MySQL.app */ = {isa = PBXFileReference; explicitFileType = wrapper.application; includeInIndex = 0; path = MySQL.app; sourceTree = BUILT_PRODUCTS_DIR; };
		AFBC9E8519D9CEDE0050E67A /* Info.plist */ = {isa = PBXFileReference; lastKnownFileType = text.plist.xml; path = Info.plist; sourceTree = "<group>"; };
		AFBC9E8619D9CEDE0050E67A /* main.m */ = {isa = PBXFileReference; lastKnownFileType = sourcecode.c.objc; path = main.m; sourceTree = "<group>"; };
		AFBC9E8819D9CEDE0050E67A /* AppDelegate.h */ = {isa = PBXFileReference; lastKnownFileType = sourcecode.c.h; path = AppDelegate.h; sourceTree = "<group>"; };
		AFBC9E8919D9CEDF0050E67A /* AppDelegate.m */ = {isa = PBXFileReference; lastKnownFileType = sourcecode.c.objc; path = AppDelegate.m; sourceTree = "<group>"; };
		AFBC9E8B19D9CEDF0050E67A /* ViewController.h */ = {isa = PBXFileReference; lastKnownFileType = sourcecode.c.h; path = ViewController.h; sourceTree = "<group>"; };
		AFBC9E8C19D9CEDF0050E67A /* ViewController.m */ = {isa = PBXFileReference; lastKnownFileType = sourcecode.c.objc; path = ViewController.m; sourceTree = "<group>"; };
		AFBC9E9A19D9CEDF0050E67A /* MySQLTests.xctest */ = {isa = PBXFileReference; explicitFileType = wrapper.cfbundle; includeInIndex = 0; path = MySQLTests.xctest; sourceTree = BUILT_PRODUCTS_DIR; };
		AFBC9E9F19D9CEDF0050E67A /* Info.plist */ = {isa = PBXFileReference; lastKnownFileType = text.plist.xml; path = Info.plist; sourceTree = "<group>"; };
		AFBC9EA019D9CEDF0050E67A /* MySQLTests.m */ = {isa = PBXFileReference; lastKnownFileType = sourcecode.c.objc; path = MySQLTests.m; sourceTree = "<group>"; };
		AFBC9EAA19D9D1730050E67A /* HomeModel.h */ = {isa = PBXFileReference; fileEncoding = 4; lastKnownFileType = sourcecode.c.h; path = HomeModel.h; sourceTree = "<group>"; };
		AFBC9EAB19D9D1730050E67A /* HomeModel.m */ = {isa = PBXFileReference; fileEncoding = 4; lastKnownFileType = sourcecode.c.objc; path = HomeModel.m; sourceTree = "<group>"; };
		AFBC9EAD19D9D1A60050E67A /* Location.h */ = {isa = PBXFileReference; fileEncoding = 4; lastKnownFileType = sourcecode.c.h; path = Location.h; sourceTree = "<group>"; };
		AFBC9EAE19D9D1A60050E67A /* Location.m */ = {isa = PBXFileReference; fileEncoding = 4; lastKnownFileType = sourcecode.c.objc; path = Location.m; sourceTree = "<group>"; };
		AFBDBF3A1A90F54200DD4C66 /* mySQLBLOG.png */ = {isa = PBXFileReference; lastKnownFileType = image.png; name = mySQLBLOG.png; path = images/mySQLBLOG.png; sourceTree = "<group>"; };
		AFBDBF3B1A90F54200DD4C66 /* mySQLHOME.png */ = {isa = PBXFileReference; lastKnownFileType = image.png; name = mySQLHOME.png; path = images/mySQLHOME.png; sourceTree = "<group>"; };
		AFBDBF3C1A90F54200DD4C66 /* mySQLNEWS.png */ = {isa = PBXFileReference; lastKnownFileType = image.png; name = mySQLNEWS.png; path = images/mySQLNEWS.png; sourceTree = "<group>"; };
		AFBDBF401A90F54D00DD4C66 /* user_male-128.png */ = {isa = PBXFileReference; lastKnownFileType = image.png; name = "user_male-128.png"; path = "images/user_male-128.png"; sourceTree = "<group>"; };
		AFC604B51A12C4570094538A /* MessageUI.framework */ = {isa = PBXFileReference; lastKnownFileType = wrapper.framework; name = MessageUI.framework; path = System/Library/Frameworks/MessageUI.framework; sourceTree = SDKROOT; };
		AFCB325E19F40B390087D3EF /* BlogNewViewController.h */ = {isa = PBXFileReference; fileEncoding = 4; lastKnownFileType = sourcecode.c.h; path = BlogNewViewController.h; sourceTree = "<group>"; };
		AFCB325F19F40B390087D3EF /* BlogNewViewController.m */ = {isa = PBXFileReference; fileEncoding = 4; lastKnownFileType = sourcecode.c.objc; path = BlogNewViewController.m; sourceTree = "<group>"; };
		AFD0CC6A1A138F4A001FBE4C /* VendLocation.h */ = {isa = PBXFileReference; fileEncoding = 4; lastKnownFileType = sourcecode.c.h; path = VendLocation.h; sourceTree = "<group>"; };
		AFD0CC6B1A138F4A001FBE4C /* VendLocation.m */ = {isa = PBXFileReference; fileEncoding = 4; lastKnownFileType = sourcecode.c.objc; path = VendLocation.m; sourceTree = "<group>"; };
		AFD8AB0D1B33933200EF793D /* NSOperationQueue+SharedQueue.h */ = {isa = PBXFileReference; fileEncoding = 4; lastKnownFileType = sourcecode.c.h; path = "NSOperationQueue+SharedQueue.h"; sourceTree = "<group>"; };
		AFD8AB0E1B33933200EF793D /* NSOperationQueue+SharedQueue.m */ = {isa = PBXFileReference; fileEncoding = 4; lastKnownFileType = sourcecode.c.objc; path = "NSOperationQueue+SharedQueue.m"; sourceTree = "<group>"; };
		AFDDB3F61B3A2E2C00572370 /* YQL.h */ = {isa = PBXFileReference; lastKnownFileType = sourcecode.c.h; path = YQL.h; sourceTree = "<group>"; };
		AFDDB3F71B3A2E3A00572370 /* YQL.m */ = {isa = PBXFileReference; fileEncoding = 4; lastKnownFileType = sourcecode.c.objc; path = YQL.m; sourceTree = "<group>"; };
		AFDE52B519F9E26B00220656 /* BlogEditDetailView.h */ = {isa = PBXFileReference; fileEncoding = 4; lastKnownFileType = sourcecode.c.h; path = BlogEditDetailView.h; sourceTree = "<group>"; };
		AFDE52B619F9E26B00220656 /* BlogEditDetailView.m */ = {isa = PBXFileReference; fileEncoding = 4; lastKnownFileType = sourcecode.c.objc; path = BlogEditDetailView.m; sourceTree = "<group>"; };
		AFDFAB881A1398CF00022336 /* VendorViewController.h */ = {isa = PBXFileReference; fileEncoding = 4; lastKnownFileType = sourcecode.c.h; path = VendorViewController.h; sourceTree = "<group>"; };
		AFDFAB891A1398CF00022336 /* VendorViewController.m */ = {isa = PBXFileReference; fileEncoding = 4; lastKnownFileType = sourcecode.c.objc; path = VendorViewController.m; sourceTree = "<group>"; };
		AFE1DA5B1A751BB50022025C /* LookupSalesman.h */ = {isa = PBXFileReference; fileEncoding = 4; lastKnownFileType = sourcecode.c.h; path = LookupSalesman.h; sourceTree = "<group>"; };
		AFE1DA5C1A751BB50022025C /* LookupSalesman.m */ = {isa = PBXFileReference; fileEncoding = 4; lastKnownFileType = sourcecode.c.objc; path = LookupSalesman.m; sourceTree = "<group>"; };
		AFE4E15B1B29B9C800CBB751 /* 03 A Whiter Shade Of Pale.mp3 */ = {isa = PBXFileReference; lastKnownFileType = audio.mp3; name = "03 A Whiter Shade Of Pale.mp3"; path = "Music/03 A Whiter Shade Of Pale.mp3"; sourceTree = "<group>"; };
		AFE926881A8AB7AA00FE7043 /* NewDataDetail.h */ = {isa = PBXFileReference; fileEncoding = 4; lastKnownFileType = sourcecode.c.h; path = NewDataDetail.h; sourceTree = "<group>"; };
		AFE926891A8AB7AA00FE7043 /* NewDataDetail.m */ = {isa = PBXFileReference; fileEncoding = 4; lastKnownFileType = sourcecode.c.objc; path = NewDataDetail.m; sourceTree = "<group>"; };
		AFEAB0291A90F2C9000A1B95 /* libsqlite3.0.dylib */ = {isa = PBXFileReference; lastKnownFileType = "compiled.mach-o.dylib"; name = libsqlite3.0.dylib; path = usr/lib/libsqlite3.0.dylib; sourceTree = SDKROOT; };
		AFEBCF451A6DAA2100C28C51 /* EditData.h */ = {isa = PBXFileReference; fileEncoding = 4; lastKnownFileType = sourcecode.c.h; path = EditData.h; sourceTree = "<group>"; };
		AFEBCF461A6DAA2100C28C51 /* EditData.m */ = {isa = PBXFileReference; fileEncoding = 4; lastKnownFileType = sourcecode.c.objc; lineEnding = 0; path = EditData.m; sourceTree = "<group>"; xcLanguageSpecificationIdentifier = xcode.lang.objc; };
		AFF3B8821A2133F5005D556C /* EmployeeViewController.h */ = {isa = PBXFileReference; fileEncoding = 4; lastKnownFileType = sourcecode.c.h; path = EmployeeViewController.h; sourceTree = "<group>"; };
		AFF3B8831A2133F5005D556C /* EmployeeViewController.m */ = {isa = PBXFileReference; fileEncoding = 4; lastKnownFileType = sourcecode.c.objc; path = EmployeeViewController.m; sourceTree = "<group>"; };
		AFF3B8851A2135B6005D556C /* EmployeeLocation.h */ = {isa = PBXFileReference; fileEncoding = 4; lastKnownFileType = sourcecode.c.h; path = EmployeeLocation.h; sourceTree = "<group>"; };
		AFF3B8861A2135B6005D556C /* EmployeeLocation.m */ = {isa = PBXFileReference; fileEncoding = 4; lastKnownFileType = sourcecode.c.objc; path = EmployeeLocation.m; sourceTree = "<group>"; };
		AFF5F4881A68921900687BC3 /* LookupProduct.h */ = {isa = PBXFileReference; fileEncoding = 4; lastKnownFileType = sourcecode.c.h; path = LookupProduct.h; sourceTree = "<group>"; };
		AFF5F4891A68921900687BC3 /* LookupProduct.m */ = {isa = PBXFileReference; fileEncoding = 4; lastKnownFileType = sourcecode.c.objc; path = LookupProduct.m; sourceTree = "<group>"; };
		AFF782031A41B6760098692C /* Settings.bundle */ = {isa = PBXFileReference; lastKnownFileType = "wrapper.plug-in"; path = Settings.bundle; sourceTree = "<group>"; };
		AFFC3ECF1B9B34F1009AFB44 /* Thumb Up.png */ = {isa = PBXFileReference; lastKnownFileType = image.png; name = "Thumb Up.png"; path = "images/Thumb Up.png"; sourceTree = "<group>"; };
		AFFC3ED11B9B3502009AFB44 /* Left 2.png */ = {isa = PBXFileReference; lastKnownFileType = image.png; name = "Left 2.png"; path = "images/Left 2.png"; sourceTree = "<group>"; };
		AFFC3ED31B9B3511009AFB44 /* Left 2-25.png */ = {isa = PBXFileReference; lastKnownFileType = image.png; name = "Left 2-25.png"; path = "images/Left 2-25.png"; sourceTree = "<group>"; };
		AFFC3ED51B9B351F009AFB44 /* Flag.png */ = {isa = PBXFileReference; lastKnownFileType = image.png; name = Flag.png; path = images/Flag.png; sourceTree = "<group>"; };
		AFFC3ED71B9B352D009AFB44 /* note30copy.png */ = {isa = PBXFileReference; lastKnownFileType = image.png; name = note30copy.png; path = images/note30copy.png; sourceTree = "<group>"; };
		AFFC3ED91B9B353A009AFB44 /* play_button.png */ = {isa = PBXFileReference; lastKnownFileType = image.png; name = play_button.png; path = images/play_button.png; sourceTree = "<group>"; };
		AFFE803E1B47215D0022D2F9 /* StatisticsiPadController.h */ = {isa = PBXFileReference; fileEncoding = 4; lastKnownFileType = sourcecode.c.h; path = StatisticsiPadController.h; sourceTree = "<group>"; };
		AFFE803F1B47215D0022D2F9 /* StatisticsiPadController.m */ = {isa = PBXFileReference; fileEncoding = 4; lastKnownFileType = sourcecode.c.objc; path = StatisticsiPadController.m; sourceTree = "<group>"; };
		AFFEA06E1A31E8BA00165318 /* AdLocation.h */ = {isa = PBXFileReference; fileEncoding = 4; lastKnownFileType = sourcecode.c.h; path = AdLocation.h; sourceTree = "<group>"; };
		AFFEA06F1A31E8BA00165318 /* AdLocation.m */ = {isa = PBXFileReference; fileEncoding = 4; lastKnownFileType = sourcecode.c.objc; path = AdLocation.m; sourceTree = "<group>"; };
		AFFEA0711A31E8DE00165318 /* AdModel.h */ = {isa = PBXFileReference; fileEncoding = 4; lastKnownFileType = sourcecode.c.h; path = AdModel.h; sourceTree = "<group>"; };
		AFFEA0721A31E8DE00165318 /* AdModel.m */ = {isa = PBXFileReference; fileEncoding = 4; lastKnownFileType = sourcecode.c.objc; path = AdModel.m; sourceTree = "<group>"; };
		AFFEA0741A31ED3500165318 /* ProductLocation.h */ = {isa = PBXFileReference; fileEncoding = 4; lastKnownFileType = sourcecode.c.h; path = ProductLocation.h; sourceTree = "<group>"; };
		AFFEA0751A31ED3500165318 /* ProductLocation.m */ = {isa = PBXFileReference; fileEncoding = 4; lastKnownFileType = sourcecode.c.objc; path = ProductLocation.m; sourceTree = "<group>"; };
		AFFEA0771A31ED5200165318 /* ProductModel.h */ = {isa = PBXFileReference; fileEncoding = 4; lastKnownFileType = sourcecode.c.h; path = ProductModel.h; sourceTree = "<group>"; };
		AFFEA0781A31ED5200165318 /* ProductModel.m */ = {isa = PBXFileReference; fileEncoding = 4; lastKnownFileType = sourcecode.c.objc; path = ProductModel.m; sourceTree = "<group>"; };
		AFFEA07D1A31F4A500165318 /* JobModel.h */ = {isa = PBXFileReference; fileEncoding = 4; lastKnownFileType = sourcecode.c.h; path = JobModel.h; sourceTree = "<group>"; };
		AFFEA07E1A31F4A500165318 /* JobModel.m */ = {isa = PBXFileReference; fileEncoding = 4; lastKnownFileType = sourcecode.c.objc; path = JobModel.m; sourceTree = "<group>"; };
		AFFEA0801A32095400165318 /* ProductViewController.h */ = {isa = PBXFileReference; fileEncoding = 4; lastKnownFileType = sourcecode.c.h; path = ProductViewController.h; sourceTree = "<group>"; };
		AFFEA0811A32095400165318 /* ProductViewController.m */ = {isa = PBXFileReference; fileEncoding = 4; lastKnownFileType = sourcecode.c.objc; path = ProductViewController.m; sourceTree = "<group>"; };
		AFFEA0841A32101600165318 /* AdvertisingViewController.h */ = {isa = PBXFileReference; fileEncoding = 4; lastKnownFileType = sourcecode.c.h; path = AdvertisingViewController.h; sourceTree = "<group>"; };
		AFFEA0851A32101600165318 /* AdvertisingViewController.m */ = {isa = PBXFileReference; fileEncoding = 4; lastKnownFileType = sourcecode.c.objc; path = AdvertisingViewController.m; sourceTree = "<group>"; };
		AFFEA0871A32155300165318 /* JobViewController.h */ = {isa = PBXFileReference; fileEncoding = 4; lastKnownFileType = sourcecode.c.h; path = JobViewController.h; sourceTree = "<group>"; };
		AFFEA0881A32155300165318 /* JobViewController.m */ = {isa = PBXFileReference; fileEncoding = 4; lastKnownFileType = sourcecode.c.objc; path = JobViewController.m; sourceTree = "<group>"; };
		AFFEA08F1A32273800165318 /* JobLocation.h */ = {isa = PBXFileReference; fileEncoding = 4; lastKnownFileType = sourcecode.c.h; path = JobLocation.h; sourceTree = "<group>"; };
		AFFEA0901A32273800165318 /* JobLocation.m */ = {isa = PBXFileReference; fileEncoding = 4; lastKnownFileType = sourcecode.c.objc; path = JobLocation.m; sourceTree = "<group>"; };
/* End PBXFileReference section */

/* Begin PBXFrameworksBuildPhase section */
		AFBC9E7E19D9CEDE0050E67A /* Frameworks */ = {
			isa = PBXFrameworksBuildPhase;
			buildActionMask = 2147483647;
			files = (
				AF5163F11B29C180007EAB2E /* ParseUI.framework in Frameworks */,
				AF5163EE1B29C170007EAB2E /* Bolts.framework in Frameworks */,
				AF5163EF1B29C170007EAB2E /* Parse.framework in Frameworks */,
				AF0B56D21B1A0AC70085EFA8 /* iAd.framework in Frameworks */,
				AFA352EA19FC700800840AA3 /* AudioToolbox.framework in Frameworks */,
				AF89085E1A325E630032CEF7 /* StoreKit.framework in Frameworks */,
				AFC604B61A12C4570094538A /* MessageUI.framework in Frameworks */,
				AF558C7119DAD121004D30D7 /* MapKit.framework in Frameworks */,
				AFA352FC19FC70F200840AA3 /* SystemConfiguration.framework in Frameworks */,
				AFA352F819FC70D500840AA3 /* Security.framework in Frameworks */,
				AFA352F619FC70CA00840AA3 /* QuartzCore.framework in Frameworks */,
				AFA352F419FC70BA00840AA3 /* MobileCoreServices.framework in Frameworks */,
				AFA352F019FC703400840AA3 /* CoreLocation.framework in Frameworks */,
				AFA352EE19FC702500840AA3 /* CoreGraphics.framework in Frameworks */,
				AFA352EC19FC701600840AA3 /* CFNetwork.framework in Frameworks */,
				AFEAB02A1A90F2C9000A1B95 /* libsqlite3.0.dylib in Frameworks */,
				AFA352F219FC70AF00840AA3 /* libz.dylib in Frameworks */,
			);
			runOnlyForDeploymentPostprocessing = 0;
		};
		AFBC9E9719D9CEDF0050E67A /* Frameworks */ = {
			isa = PBXFrameworksBuildPhase;
			buildActionMask = 2147483647;
			files = (
			);
			runOnlyForDeploymentPostprocessing = 0;
		};
/* End PBXFrameworksBuildPhase section */

/* Begin PBXGroup section */
		AF0634871AF662A000D4B846 /* MainMenu */ = {
			isa = PBXGroup;
			children = (
				AF65080F19EB158300CEF44D /* MainViewController.h */,
				AF65081019EB158300CEF44D /* MainViewController.m */,
				AF8B684A1AE442810025A2FD /* StatisticsiPhoneController.h */,
				AF8B684B1AE442810025A2FD /* StatisticsiPhoneController.m */,
				AFFE803E1B47215D0022D2F9 /* StatisticsiPadController.h */,
				AFFE803F1B47215D0022D2F9 /* StatisticsiPadController.m */,
			);
			name = MainMenu;
			sourceTree = "<group>";
		};
		AF23017F1A96BC4E0035D6BB /* Cards */ = {
			isa = PBXGroup;
			children = (
			);
			name = Cards;
			sourceTree = "<group>";
		};
		AF2B09101A08387F00E2DF5B /* Web */ = {
			isa = PBXGroup;
			children = (
				AF81F3971A06E4B40036FEDF /* WebMainController.h */,
				AF81F3981A06E4B40036FEDF /* WebMainController.m */,
			);
			name = Web;
			sourceTree = "<group>";
		};
		AF2B09111A0838A500E2DF5B /* News */ = {
			isa = PBXGroup;
			children = (
				AFAAE6891A06C44A000C2423 /* NewsController.h */,
				AFAAE68A1A06C44A000C2423 /* NewsController.m */,
				AF16E63A1B8609A8009A0660 /* NewsDetailController.h */,
				AF16E63B1B8609A8009A0660 /* NewsDetailController.m */,
				AF5EF83A1A4F015900B802E1 /* UploadImageViewController.h */,
				AF5EF8381A4F013D00B802E1 /* UploadImageViewController.m */,
			);
			name = News;
			sourceTree = "<group>";
		};
		AF2BACC51A0D527E000995A5 /* images */ = {
			isa = PBXGroup;
			children = (
				AF23017F1A96BC4E0035D6BB /* Cards */,
				AF366EF51A55CBC300976387 /* Social Button */,
				AF366EF41A55CB2E00976387 /* Sidebar */,
				AF366EE31A55CA7A00976387 /* Tab bar */,
				AF366E841A55A15800976387 /* IMG_1133.jpg */,
				AF366E851A55A15800976387 /* IMG_1133New.jpg */,
				AFBDBF3A1A90F54200DD4C66 /* mySQLBLOG.png */,
				AFBDBF3B1A90F54200DD4C66 /* mySQLHOME.png */,
				AFBDBF3C1A90F54200DD4C66 /* mySQLNEWS.png */,
				AF366EA01A55A15800976387 /* menu.png */,
				AF366EA11A55A15800976387 /* menu@2x.png */,
				AF366E941A55A15800976387 /* footer_banner.png */,
				AF366E951A55A15800976387 /* header_banner.png */,
				AF366E9C1A55A15800976387 /* iosStar.png */,
				AFFC3ED91B9B353A009AFB44 /* play_button.png */,
				AFA23E8D1BA8C09F003582D0 /* profile-bg.png */,
				AF366E9D1A55A15800976387 /* iosStarNA.png */,
				AF366EA21A55A15800976387 /* nav_bg.png */,
				AF366EA51A55A15800976387 /* photo-frame-2.png */,
				AF366EA61A55A15800976387 /* photo-frame.png */,
				AF366EA91A55A15800976387 /* profile-rabbit-toy.png */,
				AFBDBF401A90F54D00DD4C66 /* user_male-128.png */,
			);
			name = images;
			sourceTree = "<group>";
		};
		AF366EE31A55CA7A00976387 /* Tab bar */ = {
			isa = PBXGroup;
			children = (
				AFFC3ED71B9B352D009AFB44 /* note30copy.png */,
				AF366E971A55A15800976387 /* home_filled-50.png */,
				AF366E981A55A15800976387 /* home-50.png */,
				AF366E991A55A15800976387 /* home30.png */,
				AF366E9A1A55A15800976387 /* home30sel.png */,
				AF366E961A55A15800976387 /* home copy.png */,
				AF366E911A55A15800976387 /* display30copy.png */,
				AF366E8F1A55A15800976387 /* cloud30copy.png */,
				AF366E8E1A55A15800976387 /* cloud-50.png */,
				AF366E8D1A55A15800976387 /* cloud_filled-50.png */,
			);
			name = "Tab bar";
			sourceTree = "<group>";
		};
		AF366EF41A55CB2E00976387 /* Sidebar */ = {
			isa = PBXGroup;
			children = (
				AF366EAF1A55A15800976387 /* wishlist.png */,
				AF366EA31A55A15800976387 /* news.png */,
				AF366E8B1A55A15800976387 /* bookmark.png */,
				AF4D46B61A55F3B6005984AD /* calendar.png */,
				AF366E901A55A15800976387 /* comments.png */,
				AF366E9F1A55A15800976387 /* map.png */,
				AF366EA71A55A15800976387 /* photo.png */,
				AF366EAB1A55A15800976387 /* tag.png */,
			);
			name = Sidebar;
			sourceTree = "<group>";
		};
		AF366EF51A55CBC300976387 /* Social Button */ = {
			isa = PBXGroup;
			children = (
				AFFC3ECF1B9B34F1009AFB44 /* Thumb Up.png */,
				AFFC3ED11B9B3502009AFB44 /* Left 2.png */,
				AFFC3ED31B9B3511009AFB44 /* Left 2-25.png */,
				AFFC3ED51B9B351F009AFB44 /* Flag.png */,
				AF4CD2A01B31E17900009991 /* Upload50.png */,
			);
			name = "Social Button";
			sourceTree = "<group>";
		};
		AF3F387E19EB558600CB785F /* Database Files */ = {
			isa = PBXGroup;
			children = (
				AFB581041AE5AFFA00DDD9B6 /* parseBlogLocation.h */,
				AFB581051AE5AFFA00DDD9B6 /* parseBlogLocation.m */,
				AFB8C7161AF3035500417431 /* StatCustModel.h */,
				AFB8C7171AF3035500417431 /* StatCustModel.m */,
				AF8D22E31B09641200AB426B /* StatLeadModel.h */,
				AF8D22E41B09641200AB426B /* StatLeadModel.m */,
				AFFEA06E1A31E8BA00165318 /* AdLocation.h */,
				AFFEA06F1A31E8BA00165318 /* AdLocation.m */,
				AFFEA0711A31E8DE00165318 /* AdModel.h */,
				AFFEA0721A31E8DE00165318 /* AdModel.m */,
				AFFEA08F1A32273800165318 /* JobLocation.h */,
				AFFEA0901A32273800165318 /* JobLocation.m */,
				AFFEA07D1A31F4A500165318 /* JobModel.h */,
				AFFEA07E1A31F4A500165318 /* JobModel.m */,
				AFFEA0741A31ED3500165318 /* ProductLocation.h */,
				AFFEA0751A31ED3500165318 /* ProductLocation.m */,
				AFFEA0771A31ED5200165318 /* ProductModel.h */,
				AFFEA0781A31ED5200165318 /* ProductModel.m */,
				AF26EF781A360BFB00FFE5F0 /* SalesLocation.h */,
				AF26EF791A360BFB00FFE5F0 /* SalesLocation.m */,
				AF26EF7B1A360C0F00FFE5F0 /* SalesModel.h */,
				AF26EF7C1A360C0F00FFE5F0 /* SalesModel.m */,
				AFAE5FC51A138998005D4245 /* BlogLocation.h */,
				AF3F388319EB566000CB785F /* BlogLocation.m */,
				AF3F387F19EB562600CB785F /* BlogModel.h */,
				AF3F388019EB562600CB785F /* BlogModel.m */,
				AFF3B8851A2135B6005D556C /* EmployeeLocation.h */,
				AFF3B8861A2135B6005D556C /* EmployeeLocation.m */,
				AF2856681A256B9E00A6F42A /* EmployeeModel.h */,
				AF2856691A256BBB00A6F42A /* EmployeeModel.m */,
				AFD0CC6A1A138F4A001FBE4C /* VendLocation.h */,
				AFD0CC6B1A138F4A001FBE4C /* VendLocation.m */,
				AF2B5AF31A137D5A00CABD1B /* VendorModel.h */,
				AF2B5AF41A137D5A00CABD1B /* VendorModel.m */,
				AF7B25731A0583E500F7C058 /* CustLocation.h */,
				AF7B25741A0583E500F7C058 /* CustLocation.m */,
				AF7B25761A0584AC00F7C058 /* CustModel.h */,
				AF7B25771A0584AC00F7C058 /* CustModel.m */,
				AFBC9EAD19D9D1A60050E67A /* Location.h */,
				AFBC9EAE19D9D1A60050E67A /* Location.m */,
				AFBC9EAA19D9D1730050E67A /* HomeModel.h */,
				AFBC9EAB19D9D1730050E67A /* HomeModel.m */,
			);
			name = "Database Files";
			sourceTree = "<group>";
		};
		AF4E626C1A5CBABA007A56D0 /* New/Edit Data */ = {
			isa = PBXGroup;
			children = (
				AF4D46B81A5634FB005984AD /* NewData.h */,
				AF4D46B91A5634FB005984AD /* NewData.m */,
				AFEBCF451A6DAA2100C28C51 /* EditData.h */,
				AFEBCF461A6DAA2100C28C51 /* EditData.m */,
				AFE926881A8AB7AA00FE7043 /* NewDataDetail.h */,
				AFE926891A8AB7AA00FE7043 /* NewDataDetail.m */,
				AF2881E71A5DA29E00644802 /* LookupCity.h */,
				AF5F8EE01A61C4290063B6DA /* LookupCity.m */,
				AFA71F0D1A6192BF00FBEDEE /* LookupJob.h */,
				AF909E8E1A61C2F0008D6F14 /* LookupJob.m */,
				AFF5F4881A68921900687BC3 /* LookupProduct.h */,
				AFF5F4891A68921900687BC3 /* LookupProduct.m */,
				AFE1DA5B1A751BB50022025C /* LookupSalesman.h */,
				AFE1DA5C1A751BB50022025C /* LookupSalesman.m */,
				AF02A0DA19E01EB600A6C1D0 /* LeadDetailViewControler.h */,
				AF02A0DB19E01EB600A6C1D0 /* LeadDetailViewControler.m */,
				AF558C6C19DACE25004D30D7 /* MapViewController.h */,
				AF558C6D19DACE25004D30D7 /* MaplViewController.m */,
			);
			name = "New/Edit Data";
			sourceTree = "<group>";
		};
		AF4E626D1A5CBAED007A56D0 /* Junk */ = {
			isa = PBXGroup;
			children = (
			);
			name = Junk;
			sourceTree = "<group>";
		};
		AF5554641A1402BA00EE0D1D /* Vendor */ = {
			isa = PBXGroup;
			children = (
				AFDFAB881A1398CF00022336 /* VendorViewController.h */,
				AFDFAB891A1398CF00022336 /* VendorViewController.m */,
			);
			name = Vendor;
			sourceTree = "<group>";
		};
		AF57D6961A42948500CF130C /* Settings */ = {
			isa = PBXGroup;
			children = (
				AFF782031A41B6760098692C /* Settings.bundle */,
			);
			name = Settings;
			sourceTree = "<group>";
		};
		AF57D6971A4294CB00CF130C /* Login */ = {
			isa = PBXGroup;
			children = (
				AF23C4EC1A3B8B9A005FBDB6 /* LoginViewController.h */,
				AF23C4ED1A3B8B9A005FBDB6 /* LoginViewController.m */,
			);
			name = Login;
			sourceTree = "<group>";
		};
		AF5D75951B4A241B00EEAA80 /* Parse */ = {
			isa = PBXGroup;
			children = (
				AF20EFAE1ACF0A8C00572AD3 /* ParseConnection.h */,
				AF023A9E1AE09691006D8AEC /* ParseConnection.m */,
				AF5D75921B4A21E200EEAA80 /* ParseStatConnection.h */,
				AF5D75931B4A21E200EEAA80 /* ParseStatConnection.m */,
			);
			name = Parse;
			sourceTree = "<group>";
		};
		AF6A13731A07BD0C00C3EEAC /* Customer */ = {
			isa = PBXGroup;
			children = (
				AF7B25701A05829600F7C058 /* CustController.h */,
				AF7B25711A05829600F7C058 /* CustController.m */,
			);
			name = Customer;
			sourceTree = "<group>";
		};
		AF7B25791A058FA300F7C058 /* Blog */ = {
			isa = PBXGroup;
			children = (
				AF3F388519EB595D00CB785F /* BlogViewController.h */,
				AF3F388619EB595D00CB785F /* BlogViewController.m */,
				AFDE52B519F9E26B00220656 /* BlogEditDetailView.h */,
				AFDE52B619F9E26B00220656 /* BlogEditDetailView.m */,
				AFCB325E19F40B390087D3EF /* BlogNewViewController.h */,
				AFCB325F19F40B390087D3EF /* BlogNewViewController.m */,
			);
			name = Blog;
			sourceTree = "<group>";
		};
		AF8F7E131A37E26B009D34EA /* Salesman */ = {
			isa = PBXGroup;
			children = (
				AF26EF751A360BA300FFE5F0 /* SalesmanViewController.h */,
				AF26EF761A360BA300FFE5F0 /* SalesmanViewController.m */,
			);
			name = Salesman;
			sourceTree = "<group>";
		};
		AF9926831A4C796B00429EC8 /* Photo Collection */ = {
			isa = PBXGroup;
			children = (
				AF6308CD1A4DE1D800D89FD8 /* CollectionController.h */,
				AF6308CE1A4DE1D800D89FD8 /* CollectionController.m */,
				AF9926B11A4CFD1100429EC8 /* CollectionDetailController.h */,
				AF9926B21A4CFD1100429EC8 /* CollectionDetailController.m */,
				AF99267D1A4C768B00429EC8 /* CollectionHeaderView.h */,
				AF99267E1A4C768B00429EC8 /* CollectionHeaderView.m */,
				AF9926AE1A4CF79300429EC8 /* JobViewCell.h */,
				AF9926AF1A4CF79300429EC8 /* JobViewCell.m */,
			);
			name = "Photo Collection";
			sourceTree = "<group>";
		};
		AFA3528019FBD43B00840AA3 /* Leads */ = {
			isa = PBXGroup;
			children = (
				AFBC9E8B19D9CEDF0050E67A /* ViewController.h */,
				AFBC9E8C19D9CEDF0050E67A /* ViewController.m */,
			);
			name = Leads;
			sourceTree = "<group>";
		};
		AFA352E119FBE8D400840AA3 /* Library */ = {
			isa = PBXGroup;
			children = (
				AFDDB3F61B3A2E2C00572370 /* YQL.h */,
				AFDDB3F71B3A2E3A00572370 /* YQL.m */,
				AFACE9A41A0D04300066C042 /* CustomTableViewCell.h */,
				AFACE9A51A0D04300066C042 /* CustomTableViewCell.m */,
				AFA352E219FBE90600840AA3 /* SWRevealViewController.h */,
				AFA352E319FBE90600840AA3 /* SWRevealViewController.m */,
			);
			name = Library;
			sourceTree = "<group>";
		};
		AFA352FD19FC711E00840AA3 /* Framework */ = {
			isa = PBXGroup;
			children = (
				AF789A901B17ED5D0049F540 /* iAd.framework */,
				AFA352E919FC700800840AA3 /* AudioToolbox.framework */,
				AF5163F01B29C180007EAB2E /* ParseUI.framework */,
				AF5163EC1B29C170007EAB2E /* Bolts.framework */,
				AF5163ED1B29C170007EAB2E /* Parse.framework */,
				AFA352EB19FC701600840AA3 /* CFNetwork.framework */,
				AFA352ED19FC702500840AA3 /* CoreGraphics.framework */,
				AFA352EF19FC703400840AA3 /* CoreLocation.framework */,
				AFA352F319FC70BA00840AA3 /* MobileCoreServices.framework */,
				AFA352F519FC70CA00840AA3 /* QuartzCore.framework */,
				AFA352F719FC70D500840AA3 /* Security.framework */,
				AFA352F919FC70E300840AA3 /* StoreKit.framework */,
				AFA352FB19FC70F200840AA3 /* SystemConfiguration.framework */,
				AFC604B51A12C4570094538A /* MessageUI.framework */,
				AF558C6F19DAD06A004D30D7 /* MapKit.framework */,
				AFA352F119FC70AF00840AA3 /* libz.dylib */,
				AFEAB0291A90F2C9000A1B95 /* libsqlite3.0.dylib */,
			);
			name = Framework;
			sourceTree = "<group>";
		};
		AFA744921B50AD17004F7984 /* OptimizationProfiles */ = {
			isa = PBXGroup;
			children = (
				AFA744931B50AD17004F7984 /* MySQL.profdata */,
			);
			path = OptimizationProfiles;
			sourceTree = "<group>";
		};
		AFAA0FDB1A0E9A1200205EE9 /* Address */ = {
			isa = PBXGroup;
			children = (
				AFAA0FD31A0E931E00205EE9 /* ContactsViewController.h */,
				AFAA0FD41A0E931E00205EE9 /* ContactsViewController.m */,
				AFAA0FD61A0E93A600205EE9 /* ContactsDetailController.h */,
				AFAA0FD71A0E93A600205EE9 /* ContactsDetailController.m */,
			);
			name = Address;
			sourceTree = "<group>";
		};
		AFAA0FDC1A0E9FF800205EE9 /* Sidebar */ = {
			isa = PBXGroup;
			children = (
				AF9926831A4C796B00429EC8 /* Photo Collection */,
				AFAA0FDB1A0E9A1200205EE9 /* Address */,
				AFA99E1C1A49E79700231173 /* NotificationController.h */,
				AFA99E1D1A49E79700231173 /* NotificationController.m */,
				AF98DF911B5DC7C9007E4C69 /* NotificationDetailController.h */,
				AF98DF921B5DC7C9007E4C69 /* NotificationDetailController.m */,
				AF2856671A256B6D00A6F42A /* MapController.h */,
				AF2856651A256B5000A6F42A /* MapController.m */,
				AF79A4231ADB6A6C003907FD /* CalenderEdit.h */,
				AF79A4241ADB6A6C003907FD /* CalenderEdit.m */,
				AFAA0FDD1A10634600205EE9 /* SocialController.h */,
				AFAA0FDE1A10634600205EE9 /* SocialController.m */,
				AF1D63FE1A0D27A6007C6638 /* SidebarViewController.h */,
				AF1D63FF1A0D27A6007C6638 /* SidebarViewController.m */,
				AF57D6931A428B3200CF130C /* AppPrefViewController.h */,
				AF57D6941A428B3200CF130C /* AppPrefViewController.m */,
				AF627C131A1239EF0048668B /* ProfileViewController.h */,
				AF627C141A1239EF0048668B /* ProfileViewController.m */,
			);
			name = Sidebar;
			sourceTree = "<group>";
		};
		AFBC9E7819D9CEDE0050E67A = {
			isa = PBXGroup;
			children = (
				AFBC9E8319D9CEDE0050E67A /* MySQL */,
				AFBC9E9D19D9CEDF0050E67A /* MySQLTests */,
				AFBC9E8219D9CEDE0050E67A /* Products */,
				AFA744921B50AD17004F7984 /* OptimizationProfiles */,
			);
			sourceTree = "<group>";
		};
		AFBC9E8219D9CEDE0050E67A /* Products */ = {
			isa = PBXGroup;
			children = (
				AFBC9E8119D9CEDE0050E67A /* MySQL.app */,
				AFBC9E9A19D9CEDF0050E67A /* MySQLTests.xctest */,
			);
			name = Products;
			sourceTree = "<group>";
		};
		AFBC9E8319D9CEDE0050E67A /* MySQL */ = {
			isa = PBXGroup;
			children = (
				AFB91FBA1A4A592B00737D1F /* Constants.h */,
				AF0263DD1AEDCEEF005A0AD4 /* ConstantMain.h */,
				AFBC9E8819D9CEDE0050E67A /* AppDelegate.h */,
				AFBC9E8919D9CEDF0050E67A /* AppDelegate.m */,
				AF3B2CB419ECBF1B00604562 /* Main.storyboard */,
				AF58DFB11B409520006729A3 /* iPad.storyboard */,
				AFA7CC8C1A3F8C5700128607 /* LaunchScreen.xib */,
				AF292DEA1B38F707007B69E2 /* Images.xcassets */,
				AF5D75951B4A241B00EEAA80 /* Parse */,
				AF0634871AF662A000D4B846 /* MainMenu */,
				AF4E626C1A5CBABA007A56D0 /* New/Edit Data */,
				AFA3528019FBD43B00840AA3 /* Leads */,
				AF6A13731A07BD0C00C3EEAC /* Customer */,
				AF8F7E131A37E26B009D34EA /* Salesman */,
				AFFEA08B1A32196200165318 /* Job */,
				AFFEA08A1A32194600165318 /* Advertising */,
				AFFEA0831A320F1C00165318 /* Product */,
				AFF3B88B1A214403005D556C /* Employee */,
				AF5554641A1402BA00EE0D1D /* Vendor */,
				AF7B25791A058FA300F7C058 /* Blog */,
				AF2B09111A0838A500E2DF5B /* News */,
				AF2B09101A08387F00E2DF5B /* Web */,
				AFAA0FDC1A0E9FF800205EE9 /* Sidebar */,
				AF57D6971A4294CB00CF130C /* Login */,
				AF57D6961A42948500CF130C /* Settings */,
				AF3F387E19EB558600CB785F /* Database Files */,
				AFA352FD19FC711E00840AA3 /* Framework */,
				AFBC9E8419D9CEDE0050E67A /* Supporting Files */,
				AF4E626D1A5CBAED007A56D0 /* Junk */,
			);
			path = MySQL;
			sourceTree = "<group>";
		};
		AFBC9E8419D9CEDE0050E67A /* Supporting Files */ = {
			isa = PBXGroup;
			children = (
				AFD8AB101B33981C00EF793D /* Category */,
				AFA352E119FBE8D400840AA3 /* Library */,
				AFF135B31AE1C5000045CE2C /* Sounds */,
				AF2BACC51A0D527E000995A5 /* images */,
				AFBC9E8519D9CEDE0050E67A /* Info.plist */,
				AFBC9E8619D9CEDE0050E67A /* main.m */,
			);
			name = "Supporting Files";
			sourceTree = "<group>";
		};
		AFBC9E9D19D9CEDF0050E67A /* MySQLTests */ = {
			isa = PBXGroup;
			children = (
				AFBC9EA019D9CEDF0050E67A /* MySQLTests.m */,
				AFBC9E9E19D9CEDF0050E67A /* Supporting Files */,
			);
			path = MySQLTests;
			sourceTree = "<group>";
		};
		AFBC9E9E19D9CEDF0050E67A /* Supporting Files */ = {
			isa = PBXGroup;
			children = (
				AFBC9E9F19D9CEDF0050E67A /* Info.plist */,
			);
			name = "Supporting Files";
			sourceTree = "<group>";
		};
		AFD8AB101B33981C00EF793D /* Category */ = {
			isa = PBXGroup;
			children = (
				AFD8AB0D1B33933200EF793D /* NSOperationQueue+SharedQueue.h */,
				AFD8AB0E1B33933200EF793D /* NSOperationQueue+SharedQueue.m */,
			);
			name = Category;
			sourceTree = "<group>";
		};
		AFF135B31AE1C5000045CE2C /* Sounds */ = {
			isa = PBXGroup;
			children = (
				AFAF45E31B5AD75600FA255A /* Tornado.caf */,
				AFE4E15B1B29B9C800CBB751 /* 03 A Whiter Shade Of Pale.mp3 */,
			);
			name = Sounds;
			sourceTree = "<group>";
		};
		AFF3B88B1A214403005D556C /* Employee */ = {
			isa = PBXGroup;
			children = (
				AFF3B8821A2133F5005D556C /* EmployeeViewController.h */,
				AFF3B8831A2133F5005D556C /* EmployeeViewController.m */,
			);
			name = Employee;
			sourceTree = "<group>";
		};
		AFFEA0831A320F1C00165318 /* Product */ = {
			isa = PBXGroup;
			children = (
				AFFEA0801A32095400165318 /* ProductViewController.h */,
				AFFEA0811A32095400165318 /* ProductViewController.m */,
			);
			name = Product;
			sourceTree = "<group>";
		};
		AFFEA08A1A32194600165318 /* Advertising */ = {
			isa = PBXGroup;
			children = (
				AFFEA0841A32101600165318 /* AdvertisingViewController.h */,
				AFFEA0851A32101600165318 /* AdvertisingViewController.m */,
			);
			name = Advertising;
			sourceTree = "<group>";
		};
		AFFEA08B1A32196200165318 /* Job */ = {
			isa = PBXGroup;
			children = (
				AFFEA0871A32155300165318 /* JobViewController.h */,
				AFFEA0881A32155300165318 /* JobViewController.m */,
			);
			name = Job;
			sourceTree = "<group>";
		};
/* End PBXGroup section */

/* Begin PBXNativeTarget section */
		AFBC9E8019D9CEDE0050E67A /* MySQL */ = {
			isa = PBXNativeTarget;
			buildConfigurationList = AFBC9EA419D9CEDF0050E67A /* Build configuration list for PBXNativeTarget "MySQL" */;
			buildPhases = (
				AFBC9E7D19D9CEDE0050E67A /* Sources */,
				AFBC9E7E19D9CEDE0050E67A /* Frameworks */,
				AFBC9E7F19D9CEDE0050E67A /* Resources */,
			);
			buildRules = (
			);
			dependencies = (
			);
			name = MySQL;
			productName = MySQL;
			productReference = AFBC9E8119D9CEDE0050E67A /* MySQL.app */;
			productType = "com.apple.product-type.application";
		};
		AFBC9E9919D9CEDF0050E67A /* MySQLTests */ = {
			isa = PBXNativeTarget;
			buildConfigurationList = AFBC9EA719D9CEDF0050E67A /* Build configuration list for PBXNativeTarget "MySQLTests" */;
			buildPhases = (
				AFBC9E9619D9CEDF0050E67A /* Sources */,
				AFBC9E9719D9CEDF0050E67A /* Frameworks */,
				AFBC9E9819D9CEDF0050E67A /* Resources */,
			);
			buildRules = (
			);
			dependencies = (
				AFBC9E9C19D9CEDF0050E67A /* PBXTargetDependency */,
			);
			name = MySQLTests;
			productName = MySQLTests;
			productReference = AFBC9E9A19D9CEDF0050E67A /* MySQLTests.xctest */;
			productType = "com.apple.product-type.bundle.unit-test";
		};
/* End PBXNativeTarget section */

/* Begin PBXProject section */
		AFBC9E7919D9CEDE0050E67A /* Project object */ = {
			isa = PBXProject;
			attributes = {
				LastUpgradeCheck = 0700;
				ORGANIZATIONNAME = "Peter Balsamo";
				TargetAttributes = {
					AFBC9E8019D9CEDE0050E67A = {
						CreatedOnToolsVersion = 6.0.1;
						DevelopmentTeam = YX8KSFWQDW;
					};
					AFBC9E9919D9CEDF0050E67A = {
						CreatedOnToolsVersion = 6.0.1;
						TestTargetID = AFBC9E8019D9CEDE0050E67A;
					};
				};
			};
			buildConfigurationList = AFBC9E7C19D9CEDE0050E67A /* Build configuration list for PBXProject "MySQL" */;
			compatibilityVersion = "Xcode 6.3";
			developmentRegion = English;
			hasScannedForEncodings = 0;
			knownRegions = (
				en,
				Base,
			);
			mainGroup = AFBC9E7819D9CEDE0050E67A;
			productRefGroup = AFBC9E8219D9CEDE0050E67A /* Products */;
			projectDirPath = "";
			projectRoot = "";
			targets = (
				AFBC9E8019D9CEDE0050E67A /* MySQL */,
				AFBC9E9919D9CEDF0050E67A /* MySQLTests */,
			);
		};
/* End PBXProject section */

/* Begin PBXResourcesBuildPhase section */
		AFBC9E7F19D9CEDE0050E67A /* Resources */ = {
			isa = PBXResourcesBuildPhase;
			buildActionMask = 2147483647;
			files = (
				AFAF45E41B5AD8C900FA255A /* Tornado.caf in Resources */,
				AFFC3ED61B9B351F009AFB44 /* Flag.png in Resources */,
				AF366EC51A55A15800976387 /* home copy.png in Resources */,
				AF366EB41A55A15800976387 /* IMG_1133New.jpg in Resources */,
				AF366EC81A55A15800976387 /* home30.png in Resources */,
				AF58DFB21B409520006729A3 /* iPad.storyboard in Resources */,
				AF366EC01A55A15800976387 /* display30copy.png in Resources */,
				AF366ED81A55A15800976387 /* profile-rabbit-toy.png in Resources */,
				AF366EDE1A55A15800976387 /* wishlist.png in Resources */,
				AF366EDA1A55A15800976387 /* tag.png in Resources */,
				AFA23E8E1BA8C09F003582D0 /* profile-bg.png in Resources */,
				AFBDBF411A90F54D00DD4C66 /* user_male-128.png in Resources */,
				AF366EC41A55A15800976387 /* header_banner.png in Resources */,
				AFBDBF3F1A90F54200DD4C66 /* mySQLNEWS.png in Resources */,
				AF3B2CB519ECBF1B00604562 /* Main.storyboard in Resources */,
				AF366EBF1A55A15800976387 /* comments.png in Resources */,
				AFFC3ED01B9B34F1009AFB44 /* Thumb Up.png in Resources */,
				AF366ED41A55A15800976387 /* photo-frame-2.png in Resources */,
				AF366ECC1A55A15800976387 /* iosStarNA.png in Resources */,
				AF366ECE1A55A15800976387 /* map.png in Resources */,
				AFFC3ED41B9B3511009AFB44 /* Left 2-25.png in Resources */,
				AFFC3ED21B9B3502009AFB44 /* Left 2.png in Resources */,
				AF366EBD1A55A15800976387 /* cloud-50.png in Resources */,
				AF366EC71A55A15800976387 /* home-50.png in Resources */,
				AF4D46B71A55F3B6005984AD /* calendar.png in Resources */,
				AF366EC31A55A15800976387 /* footer_banner.png in Resources */,
				AF366ED01A55A15800976387 /* menu@2x.png in Resources */,
				AFFC3EDA1B9B353A009AFB44 /* play_button.png in Resources */,
				AF366EC91A55A15800976387 /* home30sel.png in Resources */,
				AF366ED11A55A15800976387 /* nav_bg.png in Resources */,
				AF292DEB1B38F707007B69E2 /* Images.xcassets in Resources */,
				AF366EBE1A55A15800976387 /* cloud30copy.png in Resources */,
				AF366EC61A55A15800976387 /* home_filled-50.png in Resources */,
				AFBDBF3D1A90F54200DD4C66 /* mySQLBLOG.png in Resources */,
				AFBDBF3E1A90F54200DD4C66 /* mySQLHOME.png in Resources */,
				AF366EBA1A55A15800976387 /* bookmark.png in Resources */,
				AFFC3ED81B9B352D009AFB44 /* note30copy.png in Resources */,
				AF366EBC1A55A15800976387 /* cloud_filled-50.png in Resources */,
				AF366ED21A55A15800976387 /* news.png in Resources */,
				AFE4E15C1B29B9C800CBB751 /* 03 A Whiter Shade Of Pale.mp3 in Resources */,
				AF366ECB1A55A15800976387 /* iosStar.png in Resources */,
				AFA7CC8D1A3F8C5700128607 /* LaunchScreen.xib in Resources */,
				AF4CD2A11B31E17900009991 /* Upload50.png in Resources */,
				AFF782041A41B6760098692C /* Settings.bundle in Resources */,
				AF366ED61A55A15800976387 /* photo.png in Resources */,
				AF366EB31A55A15800976387 /* IMG_1133.jpg in Resources */,
			);
			runOnlyForDeploymentPostprocessing = 0;
		};
		AFBC9E9819D9CEDF0050E67A /* Resources */ = {
			isa = PBXResourcesBuildPhase;
			buildActionMask = 2147483647;
			files = (
			);
			runOnlyForDeploymentPostprocessing = 0;
		};
/* End PBXResourcesBuildPhase section */

/* Begin PBXSourcesBuildPhase section */
		AFBC9E7D19D9CEDE0050E67A /* Sources */ = {
			isa = PBXSourcesBuildPhase;
			buildActionMask = 2147483647;
			files = (
				AFFEA0701A31E8BA00165318 /* AdLocation.m in Sources */,
				AFBC9EAC19D9D1730050E67A /* HomeModel.m in Sources */,
				AFBC9EAF19D9D1A60050E67A /* Location.m in Sources */,
				AFF3B8841A2133F5005D556C /* EmployeeViewController.m in Sources */,
				AFFEA0891A32155300165318 /* JobViewController.m in Sources */,
				AFA352E419FBE90600840AA3 /* SWRevealViewController.m in Sources */,
				AF6308CF1A4DE1D800D89FD8 /* CollectionController.m in Sources */,
				AFFE80401B47215D0022D2F9 /* StatisticsiPadController.m in Sources */,
				AF3F388719EB595D00CB785F /* BlogViewController.m in Sources */,
				AFAA0FD51A0E931E00205EE9 /* ContactsViewController.m in Sources */,
				AFF3B8871A2135B6005D556C /* EmployeeLocation.m in Sources */,
				AFFEA0761A31ED3500165318 /* ProductLocation.m in Sources */,
				AF23C4EE1A3B8B9A005FBDB6 /* LoginViewController.m in Sources */,
				AF16E63C1B8609A8009A0660 /* NewsDetailController.m in Sources */,
				AFBC9E8D19D9CEDF0050E67A /* ViewController.m in Sources */,
				AF3F388119EB562600CB785F /* BlogModel.m in Sources */,
				AFAAE68B1A06C44A000C2423 /* NewsController.m in Sources */,
				AF3F388419EB566000CB785F /* BlogLocation.m in Sources */,
				AF909E8F1A61C2F0008D6F14 /* LookupJob.m in Sources */,
				AFCB326019F40B390087D3EF /* BlogNewViewController.m in Sources */,
				AF7B25781A0584AC00F7C058 /* CustModel.m in Sources */,
				AF2B5AF51A137D5A00CABD1B /* VendorModel.m in Sources */,
				AF28566A1A256BBB00A6F42A /* EmployeeModel.m in Sources */,
				AFAA0FD81A0E93A600205EE9 /* ContactsDetailController.m in Sources */,
				AFB581061AE5AFFA00DDD9B6 /* parseBlogLocation.m in Sources */,
				AF5EF8391A4F013D00B802E1 /* UploadImageViewController.m in Sources */,
				AF26EF771A360BA300FFE5F0 /* SalesmanViewController.m in Sources */,
				AFF5F48A1A68921900687BC3 /* LookupProduct.m in Sources */,
				AF57D6951A428B3200CF130C /* AppPrefViewController.m in Sources */,
				AF79A4251ADB6A6C003907FD /* CalenderEdit.m in Sources */,
				AF65081119EB158300CEF44D /* MainViewController.m in Sources */,
				AFFEA0731A31E8DE00165318 /* AdModel.m in Sources */,
				AF8B684C1AE442810025A2FD /* StatisticsiPhoneController.m in Sources */,
				AF02A0DC19E01EB600A6C1D0 /* LeadDetailViewControler.m in Sources */,
				AFD0CC6C1A138F4A001FBE4C /* VendLocation.m in Sources */,
				AF4D46BA1A5634FB005984AD /* NewData.m in Sources */,
				AF8D22E51B09641200AB426B /* StatLeadModel.m in Sources */,
				AF9926B01A4CF79300429EC8 /* JobViewCell.m in Sources */,
				AF81F3991A06E4B40036FEDF /* WebMainController.m in Sources */,
				AFD8AB0F1B33933200EF793D /* NSOperationQueue+SharedQueue.m in Sources */,
				AFFEA0791A31ED5200165318 /* ProductModel.m in Sources */,
				AFE9268A1A8AB7AA00FE7043 /* NewDataDetail.m in Sources */,
				AFDDB3F81B3A2E3A00572370 /* YQL.m in Sources */,
				AFACE9A61A0D04300066C042 /* CustomTableViewCell.m in Sources */,
				AFB8C7181AF3035500417431 /* StatCustModel.m in Sources */,
				AF9926B31A4CFD1100429EC8 /* CollectionDetailController.m in Sources */,
				AFBC9E8A19D9CEDF0050E67A /* AppDelegate.m in Sources */,
				AF5D75941B4A21E200EEAA80 /* ParseStatConnection.m in Sources */,
				AF26EF7D1A360C0F00FFE5F0 /* SalesModel.m in Sources */,
				AF627C151A1239EF0048668B /* ProfileViewController.m in Sources */,
				AFBC9E8719D9CEDE0050E67A /* main.m in Sources */,
				AF7B25751A0583E500F7C058 /* CustLocation.m in Sources */,
				AFDE52B719F9E26B00220656 /* BlogEditDetailView.m in Sources */,
				AF7B25721A05829600F7C058 /* CustController.m in Sources */,
				AFDFAB8A1A1398CF00022336 /* VendorViewController.m in Sources */,
				AFFEA07F1A31F4A500165318 /* JobModel.m in Sources */,
				AFEBCF471A6DAA2100C28C51 /* EditData.m in Sources */,
				AFFEA0911A32273800165318 /* JobLocation.m in Sources */,
				AF023A9F1AE09691006D8AEC /* ParseConnection.m in Sources */,
				AFFEA0821A32095400165318 /* ProductViewController.m in Sources */,
				AFA99E1E1A49E79700231173 /* NotificationController.m in Sources */,
				AF5F8EE11A61C4290063B6DA /* LookupCity.m in Sources */,
				AF558C6E19DACE25004D30D7 /* MaplViewController.m in Sources */,
				AF2856661A256B5000A6F42A /* MapController.m in Sources */,
				AFFEA0861A32101600165318 /* AdvertisingViewController.m in Sources */,
				AFAA0FDF1A10634600205EE9 /* SocialController.m in Sources */,
				AF26EF7A1A360BFB00FFE5F0 /* SalesLocation.m in Sources */,
				AFE1DA5D1A751BB50022025C /* LookupSalesman.m in Sources */,
				AF1D64001A0D27A6007C6638 /* SidebarViewController.m in Sources */,
				AF99267F1A4C768B00429EC8 /* CollectionHeaderView.m in Sources */,
				AF98DF931B5DC7C9007E4C69 /* NotificationDetailController.m in Sources */,
			);
			runOnlyForDeploymentPostprocessing = 0;
		};
		AFBC9E9619D9CEDF0050E67A /* Sources */ = {
			isa = PBXSourcesBuildPhase;
			buildActionMask = 2147483647;
			files = (
				AFBC9EA119D9CEDF0050E67A /* MySQLTests.m in Sources */,
			);
			runOnlyForDeploymentPostprocessing = 0;
		};
/* End PBXSourcesBuildPhase section */

/* Begin PBXTargetDependency section */
		AFBC9E9C19D9CEDF0050E67A /* PBXTargetDependency */ = {
			isa = PBXTargetDependency;
			target = AFBC9E8019D9CEDE0050E67A /* MySQL */;
			targetProxy = AFBC9E9B19D9CEDF0050E67A /* PBXContainerItemProxy */;
		};
/* End PBXTargetDependency section */

/* Begin XCBuildConfiguration section */
		AFBC9EA219D9CEDF0050E67A /* Debug */ = {
			isa = XCBuildConfiguration;
			buildSettings = {
				ALWAYS_SEARCH_USER_PATHS = NO;
				CLANG_CXX_LANGUAGE_STANDARD = "gnu++0x";
				CLANG_CXX_LIBRARY = "libc++";
				CLANG_ENABLE_MODULES = YES;
				CLANG_ENABLE_OBJC_ARC = YES;
				CLANG_WARN_BOOL_CONVERSION = YES;
				CLANG_WARN_CONSTANT_CONVERSION = YES;
				CLANG_WARN_DIRECT_OBJC_ISA_USAGE = YES_ERROR;
				CLANG_WARN_EMPTY_BODY = YES;
				CLANG_WARN_ENUM_CONVERSION = YES;
				CLANG_WARN_INT_CONVERSION = YES;
				CLANG_WARN_OBJC_ROOT_CLASS = YES_ERROR;
				CLANG_WARN_UNREACHABLE_CODE = YES;
				CLANG_WARN__DUPLICATE_METHOD_MATCH = YES;
				"CODE_SIGN_IDENTITY[sdk=iphoneos*]" = "iPhone Developer";
				COPY_PHASE_STRIP = NO;
				ENABLE_BITCODE = NO;
				ENABLE_STRICT_OBJC_MSGSEND = YES;
				ENABLE_TESTABILITY = YES;
				GCC_C_LANGUAGE_STANDARD = gnu99;
				GCC_DYNAMIC_NO_PIC = NO;
				GCC_OPTIMIZATION_LEVEL = 0;
				GCC_PREPROCESSOR_DEFINITIONS = (
					"DEBUG=1",
					"$(inherited)",
				);
				GCC_SYMBOLS_PRIVATE_EXTERN = NO;
				GCC_WARN_64_TO_32_BIT_CONVERSION = YES;
				GCC_WARN_ABOUT_RETURN_TYPE = YES_ERROR;
				GCC_WARN_UNDECLARED_SELECTOR = YES;
				GCC_WARN_UNINITIALIZED_AUTOS = YES_AGGRESSIVE;
				GCC_WARN_UNUSED_FUNCTION = YES;
				GCC_WARN_UNUSED_VARIABLE = YES;
				IPHONEOS_DEPLOYMENT_TARGET = 8.4;
				MTL_ENABLE_DEBUG_INFO = YES;
				ONLY_ACTIVE_ARCH = YES;
				SDKROOT = iphoneos;
			};
			name = Debug;
		};
		AFBC9EA319D9CEDF0050E67A /* Release */ = {
			isa = XCBuildConfiguration;
			buildSettings = {
				ALWAYS_SEARCH_USER_PATHS = NO;
				CLANG_CXX_LANGUAGE_STANDARD = "gnu++0x";
				CLANG_CXX_LIBRARY = "libc++";
				CLANG_ENABLE_MODULES = YES;
				CLANG_ENABLE_OBJC_ARC = YES;
				CLANG_WARN_BOOL_CONVERSION = YES;
				CLANG_WARN_CONSTANT_CONVERSION = YES;
				CLANG_WARN_DIRECT_OBJC_ISA_USAGE = YES_ERROR;
				CLANG_WARN_EMPTY_BODY = YES;
				CLANG_WARN_ENUM_CONVERSION = YES;
				CLANG_WARN_INT_CONVERSION = YES;
				CLANG_WARN_OBJC_ROOT_CLASS = YES_ERROR;
				CLANG_WARN_UNREACHABLE_CODE = YES;
				CLANG_WARN__DUPLICATE_METHOD_MATCH = YES;
				"CODE_SIGN_IDENTITY[sdk=iphoneos*]" = "iPhone Developer";
				COPY_PHASE_STRIP = YES;
				ENABLE_BITCODE = NO;
				ENABLE_NS_ASSERTIONS = NO;
				ENABLE_STRICT_OBJC_MSGSEND = YES;
				GCC_C_LANGUAGE_STANDARD = gnu99;
				GCC_WARN_64_TO_32_BIT_CONVERSION = YES;
				GCC_WARN_ABOUT_RETURN_TYPE = YES_ERROR;
				GCC_WARN_UNDECLARED_SELECTOR = YES;
				GCC_WARN_UNINITIALIZED_AUTOS = YES_AGGRESSIVE;
				GCC_WARN_UNUSED_FUNCTION = YES;
				GCC_WARN_UNUSED_VARIABLE = YES;
				IPHONEOS_DEPLOYMENT_TARGET = 8.4;
				MTL_ENABLE_DEBUG_INFO = NO;
				SDKROOT = iphoneos;
				VALIDATE_PRODUCT = YES;
			};
			name = Release;
		};
		AFBC9EA519D9CEDF0050E67A /* Debug */ = {
			isa = XCBuildConfiguration;
			buildSettings = {
				ASSETCATALOG_COMPILER_APPICON_NAME = AppIcon;
				CLANG_USE_OPTIMIZATION_PROFILE = NO;
				CODE_SIGN_IDENTITY = "iPhone Developer";
				"CODE_SIGN_IDENTITY[sdk=iphoneos*]" = "iPhone Developer";
				FRAMEWORK_SEARCH_PATHS = (
					"$(inherited)",
					"$(PROJECT_DIR)/MySQL",
					"$(PROJECT_DIR)/MySQL/Parse",
					"$(PROJECT_DIR)",
				);
				INFOPLIST_FILE = MySQL/Info.plist;
				IPHONEOS_DEPLOYMENT_TARGET = 8.3;
				LD_RUNPATH_SEARCH_PATHS = "$(inherited) @executable_path/Frameworks";
				PRODUCT_BUNDLE_IDENTIFIER = "com.PeterBalsamo.$(PRODUCT_NAME:rfc1034identifier)";
				PRODUCT_NAME = "$(TARGET_NAME)";
				PROVISIONING_PROFILE = "";
				TARGETED_DEVICE_FAMILY = "1,2";
			};
			name = Debug;
		};
		AFBC9EA619D9CEDF0050E67A /* Release */ = {
			isa = XCBuildConfiguration;
			buildSettings = {
				ASSETCATALOG_COMPILER_APPICON_NAME = AppIcon;
				CLANG_USE_OPTIMIZATION_PROFILE = NO;
				CODE_SIGN_IDENTITY = "iPhone Developer";
				"CODE_SIGN_IDENTITY[sdk=iphoneos*]" = "iPhone Developer";
				FRAMEWORK_SEARCH_PATHS = (
					"$(inherited)",
					"$(PROJECT_DIR)/MySQL",
					"$(PROJECT_DIR)/MySQL/Parse",
					"$(PROJECT_DIR)",
				);
				INFOPLIST_FILE = MySQL/Info.plist;
				IPHONEOS_DEPLOYMENT_TARGET = 8.3;
				LD_RUNPATH_SEARCH_PATHS = "$(inherited) @executable_path/Frameworks";
				PRODUCT_BUNDLE_IDENTIFIER = "com.PeterBalsamo.$(PRODUCT_NAME:rfc1034identifier)";
				PRODUCT_NAME = "$(TARGET_NAME)";
				PROVISIONING_PROFILE = "";
				TARGETED_DEVICE_FAMILY = "1,2";
			};
			name = Release;
		};
		AFBC9EA819D9CEDF0050E67A /* Debug */ = {
			isa = XCBuildConfiguration;
			buildSettings = {
				BUNDLE_LOADER = "$(TEST_HOST)";
				FRAMEWORK_SEARCH_PATHS = (
					"$(SDKROOT)/Developer/Library/Frameworks",
					"$(inherited)",
				);
				GCC_PREPROCESSOR_DEFINITIONS = (
					"DEBUG=1",
					"$(inherited)",
				);
				INFOPLIST_FILE = MySQLTests/Info.plist;
				LD_RUNPATH_SEARCH_PATHS = "$(inherited) @executable_path/Frameworks @loader_path/Frameworks";
				PRODUCT_BUNDLE_IDENTIFIER = "com.PeterBalsamo.$(PRODUCT_NAME:rfc1034identifier)";
				PRODUCT_NAME = "$(TARGET_NAME)";
				TEST_HOST = "$(BUILT_PRODUCTS_DIR)/MySQL.app/MySQL";
			};
			name = Debug;
		};
		AFBC9EA919D9CEDF0050E67A /* Release */ = {
			isa = XCBuildConfiguration;
			buildSettings = {
				BUNDLE_LOADER = "$(TEST_HOST)";
				FRAMEWORK_SEARCH_PATHS = (
					"$(SDKROOT)/Developer/Library/Frameworks",
					"$(inherited)",
				);
				INFOPLIST_FILE = MySQLTests/Info.plist;
				LD_RUNPATH_SEARCH_PATHS = "$(inherited) @executable_path/Frameworks @loader_path/Frameworks";
				PRODUCT_BUNDLE_IDENTIFIER = "com.PeterBalsamo.$(PRODUCT_NAME:rfc1034identifier)";
				PRODUCT_NAME = "$(TARGET_NAME)";
				TEST_HOST = "$(BUILT_PRODUCTS_DIR)/MySQL.app/MySQL";
			};
			name = Release;
		};
/* End XCBuildConfiguration section */

/* Begin XCConfigurationList section */
		AFBC9E7C19D9CEDE0050E67A /* Build configuration list for PBXProject "MySQL" */ = {
			isa = XCConfigurationList;
			buildConfigurations = (
				AFBC9EA219D9CEDF0050E67A /* Debug */,
				AFBC9EA319D9CEDF0050E67A /* Release */,
			);
			defaultConfigurationIsVisible = 0;
			defaultConfigurationName = Debug;
		};
		AFBC9EA419D9CEDF0050E67A /* Build configuration list for PBXNativeTarget "MySQL" */ = {
			isa = XCConfigurationList;
			buildConfigurations = (
				AFBC9EA519D9CEDF0050E67A /* Debug */,
				AFBC9EA619D9CEDF0050E67A /* Release */,
			);
			defaultConfigurationIsVisible = 0;
			defaultConfigurationName = Debug;
		};
		AFBC9EA719D9CEDF0050E67A /* Build configuration list for PBXNativeTarget "MySQLTests" */ = {
			isa = XCConfigurationList;
			buildConfigurations = (
				AFBC9EA819D9CEDF0050E67A /* Debug */,
				AFBC9EA919D9CEDF0050E67A /* Release */,
			);
			defaultConfigurationIsVisible = 0;
			defaultConfigurationName = Debug;
		};
/* End XCConfigurationList section */
	};
	rootObject = AFBC9E7919D9CEDE0050E67A /* Project object */;
}
